<?xml version="1.0" encoding="utf-8"?>
<Project ToolsVersion="4.0" xmlns="http://schemas.microsoft.com/developer/msbuild/2003">
  <ItemGroup>
    <Filter Include="Source Files">
      <UniqueIdentifier>{1e05070e-faf2-4c41-8a92-991475a6cadf}</UniqueIdentifier>
      <Extensions>cpp;c;cxx;def;odl;idl;hpj;bat;asm</Extensions>
    </Filter>
    <Filter Include="Header Files">
      <UniqueIdentifier>{0df83123-2677-4294-b445-416dbe31b9ea}</UniqueIdentifier>
      <Extensions>h;hpp;hxx;hm;inl;inc</Extensions>
    </Filter>
  </ItemGroup>
  <ItemGroup>
    <ClCompile Include="lib\combinations.c">
      <Filter>Source Files</Filter>
    </ClCompile>
    <ClCompile Include="lib\deck.c">
      <Filter>Source Files</Filter>
    </ClCompile>
    <ClCompile Include="lib\deck_std.c">
      <Filter>Source Files</Filter>
    </ClCompile>
    <ClCompile Include="lib\enumerate.c">
      <Filter>Source Files</Filter>
    </ClCompile>
    <ClCompile Include="lib\enumord.c">
      <Filter>Source Files</Filter>
    </ClCompile>
    <ClCompile Include="lib\evx.c">
      <Filter>Source Files</Filter>
    </ClCompile>
    <ClCompile Include="lib\rules_std.c">
      <Filter>Source Files</Filter>
    </ClCompile>
    <ClCompile Include="lib\t_botcard.c">
      <Filter>Source Files</Filter>
    </ClCompile>
    <ClCompile Include="lib\t_botfivecards.c">
      <Filter>Source Files</Filter>
    </ClCompile>
    <ClCompile Include="lib\t_botfivecardsj.c">
      <Filter>Source Files</Filter>
    </ClCompile>
    <ClCompile Include="lib\t_cardmasks.c">
      <Filter>Source Files</Filter>
    </ClCompile>
    <ClCompile Include="lib\t_evx_flushcards.c">
      <Filter>Source Files</Filter>
    </ClCompile>
    <ClCompile Include="lib\t_evx_pairval.c">
      <Filter>Source Files</Filter>
    </ClCompile>
    <ClCompile Include="lib\t_evx_strval.c">
      <Filter>Source Files</Filter>
    </ClCompile>
    <ClCompile Include="lib\t_evx_tripsval.c">
      <Filter>Source Files</Filter>
    </ClCompile>
    <ClCompile Include="lib\t_maskrank.c">
      <Filter>Source Files</Filter>
    </ClCompile>
    <ClCompile Include="lib\t_nbits.c">
      <Filter>Source Files</Filter>
    </ClCompile>
    <ClCompile Include="lib\t_nbitsandstr.c">
      <Filter>Source Files</Filter>
    </ClCompile>
    <ClCompile Include="lib\t_straight.c">
      <Filter>Source Files</Filter>
    </ClCompile>
    <ClCompile Include="lib\t_topbit.c">
      <Filter>Source Files</Filter>
    </ClCompile>
    <ClCompile Include="lib\t_topcard.c">
      <Filter>Source Files</Filter>
    </ClCompile>
    <ClCompile Include="lib\t_topfivebits.c">
      <Filter>Source Files</Filter>
    </ClCompile>
    <ClCompile Include="lib\t_topfivecards.c">
      <Filter>Source Files</Filter>
    </ClCompile>
    <ClCompile Include="lib\t_toptwobits.c">
      <Filter>Source Files</Filter>
    </ClCompile>
  </ItemGroup>
  <ItemGroup>
    <ClInclude Include="include\combinations.h">
      <Filter>Header Files</Filter>
    </ClInclude>
    <ClInclude Include="include\deck.h">
      <Filter>Header Files</Filter>
    </ClInclude>
    <ClInclude Include="include\deck_std.h">
      <Filter>Header Files</Filter>
    </ClInclude>
    <ClInclude Include="include\deck_undef.h">
      <Filter>Header Files</Filter>
    </ClInclude>
    <ClInclude Include="include\enumdefs.h">
      <Filter>Header Files</Filter>
    </ClInclude>
    <ClInclude Include="include\enumerate.h">
      <Filter>Header Files</Filter>
    </ClInclude>
    <ClInclude Include="include\evx_defs.h">
      <Filter>Header Files</Filter>
    </ClInclude>
    <ClInclude Include="include\game_std.h">
      <Filter>Header Files</Filter>
    </ClInclude>
    <ClInclude Include="include\handval.h">
      <Filter>Header Files</Filter>
    </ClInclude>
    <ClInclude Include="include\handval_low.h">
      <Filter>Header Files</Filter>
    </ClInclude>
    <ClInclude Include="include\poker_defs.h">
      <Filter>Header Files</Filter>
    </ClInclude>
    <ClInclude Include="include\pokereval_export.h">
      <Filter>Header Files</Filter>
    </ClInclude>
    <ClInclude Include="include\rules_std.h">
      <Filter>Header Files</Filter>
    </ClInclude>
    <ClInclude Include="include\rules_undef.h">
      <Filter>Header Files</Filter>
    </ClInclude>
  </ItemGroup>
</Project>