
Microsoft Visual Studio Solution File, Format Version 12.00
# Visual Studio Version 16
VisualStudioVersion = 16.0.31410.357
MinimumVisualStudioVersion = 10.0.40219.1
Project("{8BC9CEB8-8B4A-11D0-8D11-00A0C91BC942}") = "OpenHoldem", "OpenHoldem.vcxproj", "{4B4F8898-50C6-4F07-8771-B140482DBA69}"
EndProject
Global
	GlobalSection(SolutionConfigurationPlatforms) = preSolution
		Debug|Win32 = Debug|Win32
		Release - Optimized|Win32 = Release - Optimized|Win32
		Release|Win32 = Release|Win32
	EndGlobalSection
	GlobalSection(ProjectConfigurationPlatforms) = postSolution
		{4B4F8898-50C6-4F07-8771-B140482DBA69}.Debug|Win32.ActiveCfg = Debug|Win32
		{4B4F8898-50C6-4F07-8771-B140482DBA69}.Debug|Win32.Build.0 = Debug|Win32
		{4B4F8898-50C6-4F07-8771-B140482DBA69}.Release - Optimized|Win32.ActiveCfg = Release - Optimized|Win32
		{4B4F8898-50C6-4F07-8771-B140482DBA69}.Release - Optimized|Win32.Build.0 = Release - Optimized|Win32
		{4B4F8898-50C6-4F07-8771-B140482DBA69}.Release|Win32.ActiveCfg = Release|Win32
		{4B4F8898-50C6-4F07-8771-B140482DBA69}.Release|Win32.Build.0 = Release|Win32
	EndGlobalSection
	GlobalSection(SolutionProperties) = preSolution
		HideSolutionNode = FALSE
	EndGlobalSection
	GlobalSection(ExtensibilityGlobals) = postSolution
		SolutionGuid = {7AAEBAA0-51C2-49F4-9B7A-D5D9327CCAA3}
	EndGlobalSection
EndGlobal
