
Microsoft Visual Studio Solution File, Format Version 12.00
# Visual Studio 14
VisualStudioVersion = 14.0.25420.1
MinimumVisualStudioVersion = 10.0.40219.1
Project("{8BC9CEB8-8B4A-11D0-8D11-00A0C91BC942}") = "OpenHoldem", "OpenHoldem\OpenHoldem.vcxproj", "{4B4F8898-50C6-4F07-8771-B140482DBA69}"
	ProjectSection(ProjectDependencies) = postProject
		{F7FC9500-4048-4E34-AD58-5DC7EB072198} = {F7FC9500-4048-4E34-AD58-5DC7EB072198}
		{11E82A06-6DEB-49EA-A176-A7F9C1164F11} = {11E82A06-6DEB-49EA-A176-A7F9C1164F11}
		{49099A5E-FD74-48D8-BF74-CF0483863343} = {49099A5E-FD74-48D8-BF74-CF0483863343}
		{E87D7887-ADDE-41DB-AA09-3DDAB950FAA5} = {E87D7887-ADDE-41DB-AA09-3DDAB950FAA5}
		{AC9135D2-9C77-41E4-BB36-81600D7F0812} = {AC9135D2-9C77-41E4-BB36-81600D7F0812}
	EndProjectSection
EndProject
Project("{8BC9CEB8-8B4A-11D0-8D11-00A0C91BC942}") = "OpenScrape", "OpenScrape\OpenScrape.vcxproj", "{24FC33AE-EECA-44F8-924C-D3658612C383}"
	ProjectSection(ProjectDependencies) = postProject
		{E87D7887-ADDE-41DB-AA09-3DDAB950FAA5} = {E87D7887-ADDE-41DB-AA09-3DDAB950FAA5}
		{9A3A25E1-3045-4EC3-BE51-5BD55F1F94B9} = {9A3A25E1-3045-4EC3-BE51-5BD55F1F94B9}
	EndProjectSection
EndProject
Project("{8BC9CEB8-8B4A-11D0-8D11-00A0C91BC942}") = "ManualMode", "ManualMode\ManualMode.vcxproj", "{912CBD08-CFC5-4E5C-A6B5-FD18379467F2}"
	ProjectSection(ProjectDependencies) = postProject
		{E87D7887-ADDE-41DB-AA09-3DDAB950FAA5} = {E87D7887-ADDE-41DB-AA09-3DDAB950FAA5}
	EndProjectSection
EndProject
Project("{8BC9CEB8-8B4A-11D0-8D11-00A0C91BC942}") = "OHReplay", "OHReplay\OHReplay.vcxproj", "{339B71A7-4462-40FD-AE9C-ABA2EB73999A}"
EndProject
Project("{8BC9CEB8-8B4A-11D0-8D11-00A0C91BC942}") = "poker-eval", "pokereval\poker-eval.vcxproj", "{A4DEF05E-E072-493E-B282-84731D60BCF0}"
EndProject
Project("{8BC9CEB8-8B4A-11D0-8D11-00A0C91BC942}") = "SciLexer", "scintilla\vcbuild\SciLexer.vcxproj", "{E757A486-9770-4DB4-8299-00E22986E604}"
EndProject
Project("{8BC9CEB8-8B4A-11D0-8D11-00A0C91BC942}") = "Reference Mouse DLL", "Reference Mouse DLL\Reference Mouse DLL.vcxproj", "{03DE5C1C-773F-47CF-AD7C-470F68C6400E}"
EndProject
Project("{8BC9CEB8-8B4A-11D0-8D11-00A0C91BC942}") = "Reference Keyboard DLL", "Reference Keyboard DLL\Reference Keyboard DLL.vcxproj", "{D71CCB48-1C2C-409E-9801-5AB37714ED68}"
EndProject
Project("{8BC9CEB8-8B4A-11D0-8D11-00A0C91BC942}") = "PokerTracker_Query_Definitions", "PokerTracker_Query_Definitions\pokertracker_query_definitions.vcxproj", "{DAE7979B-3014-4B86-8EFD-FA155A58FE78}"
EndProject
Project("{8BC9CEB8-8B4A-11D0-8D11-00A0C91BC942}") = "ManualMode-XMLRPC", "ManualMode-XMLRPC\ManualMode-XMLRPC.vcxproj", "{FD9CF05C-AE4E-4B59-9A6C-EAC0B0504EDE}"
EndProject
Project("{8BC9CEB8-8B4A-11D0-8D11-00A0C91BC942}") = "SymbolDumperUserDll", "SymbolDumperUserDll\SymbolDumperUserDll.vcxproj", "{DA1E0B9A-3A18-4423-B554-C3AEB9F02A14}"
EndProject
Project("{8BC9CEB8-8B4A-11D0-8D11-00A0C91BC942}") = "Keyboard_DLL_VmWare_Unity_Mode", "Keyboard_DLL_VmWare_Unity_Mode\Keyboard_DLL_VmWare_Unity_Mode.vcxproj", "{AA2F7271-70C4-41DE-8247-B42831B49F14}"
EndProject
Project("{FAE04EC0-301F-11D3-BF4B-00C04F79EFBC}") = "OpenReplayShooter", "OpenReplayShooter\OpenReplayShooter.csproj", "{F5C4791D-6D57-4D87-8BAA-9DB0D4A34A81}"
EndProject
Project("{8BC9CEB8-8B4A-11D0-8D11-00A0C91BC942}") = "Debug", "DLLs\Debug_DLL\Debug.vcxproj", "{67108CE5-CEE0-4F22-8772-01BAE26A0335}"
	ProjectSection(ProjectDependencies) = postProject
		{6D9F9D81-4D08-4C57-A773-4B041360D150} = {6D9F9D81-4D08-4C57-A773-4B041360D150}
	EndProjectSection
EndProject
Project("{8BC9CEB8-8B4A-11D0-8D11-00A0C91BC942}") = "Files", "DLLs\Files_DLL\Files.vcxproj", "{6D9F9D81-4D08-4C57-A773-4B041360D150}"
EndProject
Project("{8BC9CEB8-8B4A-11D0-8D11-00A0C91BC942}") = "GamestateValidation", "DLLs\GamestateValidation_DLL\GamestateValidation.vcxproj", "{F7FC9500-4048-4E34-AD58-5DC7EB072198}"
	ProjectSection(ProjectDependencies) = postProject
		{E87D7887-ADDE-41DB-AA09-3DDAB950FAA5} = {E87D7887-ADDE-41DB-AA09-3DDAB950FAA5}
	EndProjectSection
EndProject
Project("{8BC9CEB8-8B4A-11D0-8D11-00A0C91BC942}") = "window_functions", "DLLs\WindowFunctions_DLL\window_functions.vcxproj", "{E87D7887-ADDE-41DB-AA09-3DDAB950FAA5}"
EndProject
Project("{8BC9CEB8-8B4A-11D0-8D11-00A0C91BC942}") = "string_functions", "DLLs\StringFunctions_DLL\string_functions.vcxproj", "{9A3A25E1-3045-4EC3-BE51-5BD55F1F94B9}"
EndProject
Project("{8BC9CEB8-8B4A-11D0-8D11-00A0C91BC942}") = "Reference User DLL", "DLLs\User_DLL\user.vcxproj", "{AC9135D2-9C77-41E4-BB36-81600D7F0812}"
EndProject
Project("{8BC9CEB8-8B4A-11D0-8D11-00A0C91BC942}") = "globals", "DLLs\Globals_DLL\globals.vcxproj", "{49099A5E-FD74-48D8-BF74-CF0483863343}"
	ProjectSection(ProjectDependencies) = postProject
		{11E82A06-6DEB-49EA-A176-A7F9C1164F11} = {11E82A06-6DEB-49EA-A176-A7F9C1164F11}
	EndProjectSection
EndProject
Project("{2150E333-8FDC-42A3-9474-1A3956D46DE8}") = "Solution Items", "Solution Items", "{68FF47A5-168D-44B1-A0F8-64157FD7F133}"
EndProject
Project("{8BC9CEB8-8B4A-11D0-8D11-00A0C91BC942}") = "Preferences", "DLLs\Preferences_DLL\Preferences.vcxproj", "{11E82A06-6DEB-49EA-A176-A7F9C1164F11}"
	ProjectSection(ProjectDependencies) = postProject
		{E87D7887-ADDE-41DB-AA09-3DDAB950FAA5} = {E87D7887-ADDE-41DB-AA09-3DDAB950FAA5}
		{9A3A25E1-3045-4EC3-BE51-5BD55F1F94B9} = {9A3A25E1-3045-4EC3-BE51-5BD55F1F94B9}
		{67108CE5-CEE0-4F22-8772-01BAE26A0335} = {67108CE5-CEE0-4F22-8772-01BAE26A0335}
	EndProjectSection
EndProject
Global
	GlobalSection(SolutionConfigurationPlatforms) = preSolution
		Debug|Any CPU = Debug|Any CPU
		Debug|Win32 = Debug|Win32
		Release - Optimized|Any CPU = Release - Optimized|Any CPU
		Release - Optimized|Win32 = Release - Optimized|Win32
		Release|Any CPU = Release|Any CPU
		Release|Win32 = Release|Win32
	EndGlobalSection
	GlobalSection(ProjectConfigurationPlatforms) = postSolution
		{4B4F8898-50C6-4F07-8771-B140482DBA69}.Debug|Any CPU.ActiveCfg = Debug|Win32
		{4B4F8898-50C6-4F07-8771-B140482DBA69}.Debug|Win32.ActiveCfg = Debug|Win32
		{4B4F8898-50C6-4F07-8771-B140482DBA69}.Debug|Win32.Build.0 = Debug|Win32
		{4B4F8898-50C6-4F07-8771-B140482DBA69}.Release - Optimized|Any CPU.ActiveCfg = Release - Optimized|Win32
		{4B4F8898-50C6-4F07-8771-B140482DBA69}.Release - Optimized|Win32.ActiveCfg = Release - Optimized|Win32
		{4B4F8898-50C6-4F07-8771-B140482DBA69}.Release - Optimized|Win32.Build.0 = Release - Optimized|Win32
		{4B4F8898-50C6-4F07-8771-B140482DBA69}.Release|Any CPU.ActiveCfg = Release|Win32
		{4B4F8898-50C6-4F07-8771-B140482DBA69}.Release|Win32.ActiveCfg = Release|Win32
		{4B4F8898-50C6-4F07-8771-B140482DBA69}.Release|Win32.Build.0 = Release|Win32
		{24FC33AE-EECA-44F8-924C-D3658612C383}.Debug|Any CPU.ActiveCfg = Debug|Win32
		{24FC33AE-EECA-44F8-924C-D3658612C383}.Debug|Win32.ActiveCfg = Debug|Win32
		{24FC33AE-EECA-44F8-924C-D3658612C383}.Debug|Win32.Build.0 = Debug|Win32
		{24FC33AE-EECA-44F8-924C-D3658612C383}.Release - Optimized|Any CPU.ActiveCfg = Template|Win32
		{24FC33AE-EECA-44F8-924C-D3658612C383}.Release - Optimized|Any CPU.Build.0 = Template|Win32
		{24FC33AE-EECA-44F8-924C-D3658612C383}.Release - Optimized|Win32.ActiveCfg = Release|Win32
		{24FC33AE-EECA-44F8-924C-D3658612C383}.Release - Optimized|Win32.Build.0 = Release|Win32
		{24FC33AE-EECA-44F8-924C-D3658612C383}.Release|Any CPU.ActiveCfg = Release|Win32
		{24FC33AE-EECA-44F8-924C-D3658612C383}.Release|Win32.ActiveCfg = Release|Win32
		{24FC33AE-EECA-44F8-924C-D3658612C383}.Release|Win32.Build.0 = Release|Win32
		{912CBD08-CFC5-4E5C-A6B5-FD18379467F2}.Debug|Any CPU.ActiveCfg = Debug|Win32
		{912CBD08-CFC5-4E5C-A6B5-FD18379467F2}.Debug|Win32.ActiveCfg = Debug|Win32
		{912CBD08-CFC5-4E5C-A6B5-FD18379467F2}.Debug|Win32.Build.0 = Debug|Win32
		{912CBD08-CFC5-4E5C-A6B5-FD18379467F2}.Release - Optimized|Any CPU.ActiveCfg = Template|Win32
		{912CBD08-CFC5-4E5C-A6B5-FD18379467F2}.Release - Optimized|Any CPU.Build.0 = Template|Win32
		{912CBD08-CFC5-4E5C-A6B5-FD18379467F2}.Release - Optimized|Win32.ActiveCfg = Release|Win32
		{912CBD08-CFC5-4E5C-A6B5-FD18379467F2}.Release - Optimized|Win32.Build.0 = Release|Win32
		{912CBD08-CFC5-4E5C-A6B5-FD18379467F2}.Release|Any CPU.ActiveCfg = Release|Win32
		{912CBD08-CFC5-4E5C-A6B5-FD18379467F2}.Release|Win32.ActiveCfg = Release|Win32
		{912CBD08-CFC5-4E5C-A6B5-FD18379467F2}.Release|Win32.Build.0 = Release|Win32
		{339B71A7-4462-40FD-AE9C-ABA2EB73999A}.Debug|Any CPU.ActiveCfg = Debug|Win32
		{339B71A7-4462-40FD-AE9C-ABA2EB73999A}.Debug|Win32.ActiveCfg = Debug|Win32
		{339B71A7-4462-40FD-AE9C-ABA2EB73999A}.Debug|Win32.Build.0 = Debug|Win32
		{339B71A7-4462-40FD-AE9C-ABA2EB73999A}.Release - Optimized|Any CPU.ActiveCfg = Release|Win32
		{339B71A7-4462-40FD-AE9C-ABA2EB73999A}.Release - Optimized|Any CPU.Build.0 = Release|Win32
		{339B71A7-4462-40FD-AE9C-ABA2EB73999A}.Release - Optimized|Win32.ActiveCfg = Release|Win32
		{339B71A7-4462-40FD-AE9C-ABA2EB73999A}.Release - Optimized|Win32.Build.0 = Release|Win32
		{339B71A7-4462-40FD-AE9C-ABA2EB73999A}.Release|Any CPU.ActiveCfg = Release|Win32
		{339B71A7-4462-40FD-AE9C-ABA2EB73999A}.Release|Win32.ActiveCfg = Release|Win32
		{339B71A7-4462-40FD-AE9C-ABA2EB73999A}.Release|Win32.Build.0 = Release|Win32
		{A4DEF05E-E072-493E-B282-84731D60BCF0}.Debug|Any CPU.ActiveCfg = Debug|Win32
		{A4DEF05E-E072-493E-B282-84731D60BCF0}.Debug|Win32.ActiveCfg = Debug|Win32
		{A4DEF05E-E072-493E-B282-84731D60BCF0}.Debug|Win32.Build.0 = Debug|Win32
		{A4DEF05E-E072-493E-B282-84731D60BCF0}.Release - Optimized|Any CPU.ActiveCfg = Template|Win32
		{A4DEF05E-E072-493E-B282-84731D60BCF0}.Release - Optimized|Any CPU.Build.0 = Template|Win32
		{A4DEF05E-E072-493E-B282-84731D60BCF0}.Release - Optimized|Win32.ActiveCfg = Release|Win32
		{A4DEF05E-E072-493E-B282-84731D60BCF0}.Release - Optimized|Win32.Build.0 = Release|Win32
		{A4DEF05E-E072-493E-B282-84731D60BCF0}.Release|Any CPU.ActiveCfg = Release|Win32
		{A4DEF05E-E072-493E-B282-84731D60BCF0}.Release|Win32.ActiveCfg = Release|Win32
		{A4DEF05E-E072-493E-B282-84731D60BCF0}.Release|Win32.Build.0 = Release|Win32
		{E757A486-9770-4DB4-8299-00E22986E604}.Debug|Any CPU.ActiveCfg = Debug|Win32
		{E757A486-9770-4DB4-8299-00E22986E604}.Debug|Win32.ActiveCfg = Debug|Win32
		{E757A486-9770-4DB4-8299-00E22986E604}.Debug|Win32.Build.0 = Debug|Win32
		{E757A486-9770-4DB4-8299-00E22986E604}.Release - Optimized|Any CPU.ActiveCfg = Release|Win32
		{E757A486-9770-4DB4-8299-00E22986E604}.Release - Optimized|Any CPU.Build.0 = Release|Win32
		{E757A486-9770-4DB4-8299-00E22986E604}.Release - Optimized|Win32.ActiveCfg = Release|Win32
		{E757A486-9770-4DB4-8299-00E22986E604}.Release - Optimized|Win32.Build.0 = Release|Win32
		{E757A486-9770-4DB4-8299-00E22986E604}.Release|Any CPU.ActiveCfg = Release|Win32
		{E757A486-9770-4DB4-8299-00E22986E604}.Release|Win32.ActiveCfg = Release|Win32
		{E757A486-9770-4DB4-8299-00E22986E604}.Release|Win32.Build.0 = Release|Win32
		{03DE5C1C-773F-47CF-AD7C-470F68C6400E}.Debug|Any CPU.ActiveCfg = Debug|Win32
		{03DE5C1C-773F-47CF-AD7C-470F68C6400E}.Debug|Win32.ActiveCfg = Debug|Win32
		{03DE5C1C-773F-47CF-AD7C-470F68C6400E}.Debug|Win32.Build.0 = Debug|Win32
		{03DE5C1C-773F-47CF-AD7C-470F68C6400E}.Release - Optimized|Any CPU.ActiveCfg = Release|Win32
		{03DE5C1C-773F-47CF-AD7C-470F68C6400E}.Release - Optimized|Any CPU.Build.0 = Release|Win32
		{03DE5C1C-773F-47CF-AD7C-470F68C6400E}.Release - Optimized|Win32.ActiveCfg = Release|Win32
		{03DE5C1C-773F-47CF-AD7C-470F68C6400E}.Release - Optimized|Win32.Build.0 = Release|Win32
		{03DE5C1C-773F-47CF-AD7C-470F68C6400E}.Release|Any CPU.ActiveCfg = Release|Win32
		{03DE5C1C-773F-47CF-AD7C-470F68C6400E}.Release|Win32.ActiveCfg = Release|Win32
		{03DE5C1C-773F-47CF-AD7C-470F68C6400E}.Release|Win32.Build.0 = Release|Win32
		{D71CCB48-1C2C-409E-9801-5AB37714ED68}.Debug|Any CPU.ActiveCfg = Debug|Win32
		{D71CCB48-1C2C-409E-9801-5AB37714ED68}.Debug|Win32.ActiveCfg = Debug|Win32
		{D71CCB48-1C2C-409E-9801-5AB37714ED68}.Debug|Win32.Build.0 = Debug|Win32
		{D71CCB48-1C2C-409E-9801-5AB37714ED68}.Release - Optimized|Any CPU.ActiveCfg = Release|Win32
		{D71CCB48-1C2C-409E-9801-5AB37714ED68}.Release - Optimized|Any CPU.Build.0 = Release|Win32
		{D71CCB48-1C2C-409E-9801-5AB37714ED68}.Release - Optimized|Win32.ActiveCfg = Release|Win32
		{D71CCB48-1C2C-409E-9801-5AB37714ED68}.Release - Optimized|Win32.Build.0 = Release|Win32
		{D71CCB48-1C2C-409E-9801-5AB37714ED68}.Release|Any CPU.ActiveCfg = Release|Win32
		{D71CCB48-1C2C-409E-9801-5AB37714ED68}.Release|Win32.ActiveCfg = Release|Win32
		{D71CCB48-1C2C-409E-9801-5AB37714ED68}.Release|Win32.Build.0 = Release|Win32
		{DAE7979B-3014-4B86-8EFD-FA155A58FE78}.Debug|Any CPU.ActiveCfg = Debug|Win32
		{DAE7979B-3014-4B86-8EFD-FA155A58FE78}.Debug|Win32.ActiveCfg = Debug|Win32
		{DAE7979B-3014-4B86-8EFD-FA155A58FE78}.Debug|Win32.Build.0 = Debug|Win32
		{DAE7979B-3014-4B86-8EFD-FA155A58FE78}.Release - Optimized|Any CPU.ActiveCfg = Release|Win32
		{DAE7979B-3014-4B86-8EFD-FA155A58FE78}.Release - Optimized|Any CPU.Build.0 = Release|Win32
		{DAE7979B-3014-4B86-8EFD-FA155A58FE78}.Release - Optimized|Win32.ActiveCfg = Release|Win32
		{DAE7979B-3014-4B86-8EFD-FA155A58FE78}.Release - Optimized|Win32.Build.0 = Release|Win32
		{DAE7979B-3014-4B86-8EFD-FA155A58FE78}.Release|Any CPU.ActiveCfg = Release|Win32
		{DAE7979B-3014-4B86-8EFD-FA155A58FE78}.Release|Win32.ActiveCfg = Release|Win32
		{DAE7979B-3014-4B86-8EFD-FA155A58FE78}.Release|Win32.Build.0 = Release|Win32
		{FD9CF05C-AE4E-4B59-9A6C-EAC0B0504EDE}.Debug|Any CPU.ActiveCfg = Debug|Win32
		{FD9CF05C-AE4E-4B59-9A6C-EAC0B0504EDE}.Debug|Win32.ActiveCfg = Debug|Win32
		{FD9CF05C-AE4E-4B59-9A6C-EAC0B0504EDE}.Release - Optimized|Any CPU.ActiveCfg = Template|Win32
		{FD9CF05C-AE4E-4B59-9A6C-EAC0B0504EDE}.Release - Optimized|Any CPU.Build.0 = Template|Win32
		{FD9CF05C-AE4E-4B59-9A6C-EAC0B0504EDE}.Release - Optimized|Win32.ActiveCfg = Release|Win32
		{FD9CF05C-AE4E-4B59-9A6C-EAC0B0504EDE}.Release|Any CPU.ActiveCfg = Release|Win32
		{FD9CF05C-AE4E-4B59-9A6C-EAC0B0504EDE}.Release|Win32.ActiveCfg = Release|Win32
		{DA1E0B9A-3A18-4423-B554-C3AEB9F02A14}.Debug|Any CPU.ActiveCfg = Debug|Win32
		{DA1E0B9A-3A18-4423-B554-C3AEB9F02A14}.Debug|Win32.ActiveCfg = Debug|Win32
		{DA1E0B9A-3A18-4423-B554-C3AEB9F02A14}.Release - Optimized|Any CPU.ActiveCfg = Release|Win32
		{DA1E0B9A-3A18-4423-B554-C3AEB9F02A14}.Release - Optimized|Any CPU.Build.0 = Release|Win32
		{DA1E0B9A-3A18-4423-B554-C3AEB9F02A14}.Release - Optimized|Win32.ActiveCfg = Release|Win32
		{DA1E0B9A-3A18-4423-B554-C3AEB9F02A14}.Release|Any CPU.ActiveCfg = Release|Win32
		{DA1E0B9A-3A18-4423-B554-C3AEB9F02A14}.Release|Win32.ActiveCfg = Release|Win32
		{AA2F7271-70C4-41DE-8247-B42831B49F14}.Debug|Any CPU.ActiveCfg = Debug|Win32
		{AA2F7271-70C4-41DE-8247-B42831B49F14}.Debug|Win32.ActiveCfg = Debug|Win32
		{AA2F7271-70C4-41DE-8247-B42831B49F14}.Debug|Win32.Build.0 = Debug|Win32
		{AA2F7271-70C4-41DE-8247-B42831B49F14}.Release - Optimized|Any CPU.ActiveCfg = Release|Win32
		{AA2F7271-70C4-41DE-8247-B42831B49F14}.Release - Optimized|Any CPU.Build.0 = Release|Win32
		{AA2F7271-70C4-41DE-8247-B42831B49F14}.Release - Optimized|Win32.ActiveCfg = Release|Win32
		{AA2F7271-70C4-41DE-8247-B42831B49F14}.Release - Optimized|Win32.Build.0 = Release|Win32
		{AA2F7271-70C4-41DE-8247-B42831B49F14}.Release|Any CPU.ActiveCfg = Release|Win32
		{AA2F7271-70C4-41DE-8247-B42831B49F14}.Release|Win32.ActiveCfg = Release|Win32
		{AA2F7271-70C4-41DE-8247-B42831B49F14}.Release|Win32.Build.0 = Release|Win32
		{F5C4791D-6D57-4D87-8BAA-9DB0D4A34A81}.Debug|Any CPU.ActiveCfg = Debug|Any CPU
		{F5C4791D-6D57-4D87-8BAA-9DB0D4A34A81}.Debug|Any CPU.Build.0 = Debug|Any CPU
		{F5C4791D-6D57-4D87-8BAA-9DB0D4A34A81}.Debug|Win32.ActiveCfg = Debug|Any CPU
		{F5C4791D-6D57-4D87-8BAA-9DB0D4A34A81}.Debug|Win32.Build.0 = Debug|Any CPU
		{F5C4791D-6D57-4D87-8BAA-9DB0D4A34A81}.Release - Optimized|Any CPU.ActiveCfg = Release|Any CPU
		{F5C4791D-6D57-4D87-8BAA-9DB0D4A34A81}.Release - Optimized|Any CPU.Build.0 = Release|Any CPU
		{F5C4791D-6D57-4D87-8BAA-9DB0D4A34A81}.Release - Optimized|Win32.ActiveCfg = Release|Any CPU
		{F5C4791D-6D57-4D87-8BAA-9DB0D4A34A81}.Release - Optimized|Win32.Build.0 = Release|Any CPU
		{F5C4791D-6D57-4D87-8BAA-9DB0D4A34A81}.Release|Any CPU.ActiveCfg = Release|Any CPU
		{F5C4791D-6D57-4D87-8BAA-9DB0D4A34A81}.Release|Any CPU.Build.0 = Release|Any CPU
		{F5C4791D-6D57-4D87-8BAA-9DB0D4A34A81}.Release|Win32.ActiveCfg = Release|Any CPU
		{F5C4791D-6D57-4D87-8BAA-9DB0D4A34A81}.Release|Win32.Build.0 = Release|Any CPU
		{67108CE5-CEE0-4F22-8772-01BAE26A0335}.Debug|Any CPU.ActiveCfg = Debug|Win32
		{67108CE5-CEE0-4F22-8772-01BAE26A0335}.Debug|Win32.ActiveCfg = Debug|Win32
		{67108CE5-CEE0-4F22-8772-01BAE26A0335}.Debug|Win32.Build.0 = Debug|Win32
		{67108CE5-CEE0-4F22-8772-01BAE26A0335}.Release - Optimized|Any CPU.ActiveCfg = Release|Win32
		{67108CE5-CEE0-4F22-8772-01BAE26A0335}.Release - Optimized|Any CPU.Build.0 = Release|Win32
		{67108CE5-CEE0-4F22-8772-01BAE26A0335}.Release - Optimized|Win32.ActiveCfg = Release|Win32
		{67108CE5-CEE0-4F22-8772-01BAE26A0335}.Release - Optimized|Win32.Build.0 = Release|Win32
		{67108CE5-CEE0-4F22-8772-01BAE26A0335}.Release|Any CPU.ActiveCfg = Release|Win32
		{67108CE5-CEE0-4F22-8772-01BAE26A0335}.Release|Win32.ActiveCfg = Release|Win32
		{67108CE5-CEE0-4F22-8772-01BAE26A0335}.Release|Win32.Build.0 = Release|Win32
		{6D9F9D81-4D08-4C57-A773-4B041360D150}.Debug|Any CPU.ActiveCfg = Debug|Win32
		{6D9F9D81-4D08-4C57-A773-4B041360D150}.Debug|Win32.ActiveCfg = Debug|Win32
		{6D9F9D81-4D08-4C57-A773-4B041360D150}.Debug|Win32.Build.0 = Debug|Win32
		{6D9F9D81-4D08-4C57-A773-4B041360D150}.Release - Optimized|Any CPU.ActiveCfg = Release|Win32
		{6D9F9D81-4D08-4C57-A773-4B041360D150}.Release - Optimized|Any CPU.Build.0 = Release|Win32
		{6D9F9D81-4D08-4C57-A773-4B041360D150}.Release - Optimized|Win32.ActiveCfg = Release|Win32
		{6D9F9D81-4D08-4C57-A773-4B041360D150}.Release - Optimized|Win32.Build.0 = Release|Win32
		{6D9F9D81-4D08-4C57-A773-4B041360D150}.Release|Any CPU.ActiveCfg = Release|Win32
		{6D9F9D81-4D08-4C57-A773-4B041360D150}.Release|Win32.ActiveCfg = Release|Win32
		{6D9F9D81-4D08-4C57-A773-4B041360D150}.Release|Win32.Build.0 = Release|Win32
		{F7FC9500-4048-4E34-AD58-5DC7EB072198}.Debug|Any CPU.ActiveCfg = Debug|Win32
		{F7FC9500-4048-4E34-AD58-5DC7EB072198}.Debug|Win32.ActiveCfg = Debug|Win32
		{F7FC9500-4048-4E34-AD58-5DC7EB072198}.Debug|Win32.Build.0 = Debug|Win32
		{F7FC9500-4048-4E34-AD58-5DC7EB072198}.Release - Optimized|Any CPU.ActiveCfg = Release|Win32
		{F7FC9500-4048-4E34-AD58-5DC7EB072198}.Release - Optimized|Any CPU.Build.0 = Release|Win32
		{F7FC9500-4048-4E34-AD58-5DC7EB072198}.Release - Optimized|Win32.ActiveCfg = Release|Win32
		{F7FC9500-4048-4E34-AD58-5DC7EB072198}.Release - Optimized|Win32.Build.0 = Release|Win32
		{F7FC9500-4048-4E34-AD58-5DC7EB072198}.Release|Any CPU.ActiveCfg = Release|Win32
		{F7FC9500-4048-4E34-AD58-5DC7EB072198}.Release|Win32.ActiveCfg = Release|Win32
		{F7FC9500-4048-4E34-AD58-5DC7EB072198}.Release|Win32.Build.0 = Release|Win32
		{E87D7887-ADDE-41DB-AA09-3DDAB950FAA5}.Debug|Any CPU.ActiveCfg = Debug|Win32
		{E87D7887-ADDE-41DB-AA09-3DDAB950FAA5}.Debug|Win32.ActiveCfg = Debug|Win32
		{E87D7887-ADDE-41DB-AA09-3DDAB950FAA5}.Debug|Win32.Build.0 = Debug|Win32
		{E87D7887-ADDE-41DB-AA09-3DDAB950FAA5}.Release - Optimized|Any CPU.ActiveCfg = Release|Win32
		{E87D7887-ADDE-41DB-AA09-3DDAB950FAA5}.Release - Optimized|Any CPU.Build.0 = Release|Win32
		{E87D7887-ADDE-41DB-AA09-3DDAB950FAA5}.Release - Optimized|Win32.ActiveCfg = Release|Win32
		{E87D7887-ADDE-41DB-AA09-3DDAB950FAA5}.Release - Optimized|Win32.Build.0 = Release|Win32
		{E87D7887-ADDE-41DB-AA09-3DDAB950FAA5}.Release|Any CPU.ActiveCfg = Release|Win32
		{E87D7887-ADDE-41DB-AA09-3DDAB950FAA5}.Release|Win32.ActiveCfg = Release|Win32
		{E87D7887-ADDE-41DB-AA09-3DDAB950FAA5}.Release|Win32.Build.0 = Release|Win32
		{9A3A25E1-3045-4EC3-BE51-5BD55F1F94B9}.Debug|Any CPU.ActiveCfg = Debug|Win32
		{9A3A25E1-3045-4EC3-BE51-5BD55F1F94B9}.Debug|Win32.ActiveCfg = Debug|Win32
		{9A3A25E1-3045-4EC3-BE51-5BD55F1F94B9}.Debug|Win32.Build.0 = Debug|Win32
		{9A3A25E1-3045-4EC3-BE51-5BD55F1F94B9}.Release - Optimized|Any CPU.ActiveCfg = Release|Win32
		{9A3A25E1-3045-4EC3-BE51-5BD55F1F94B9}.Release - Optimized|Any CPU.Build.0 = Release|Win32
		{9A3A25E1-3045-4EC3-BE51-5BD55F1F94B9}.Release - Optimized|Win32.ActiveCfg = Release|Win32
		{9A3A25E1-3045-4EC3-BE51-5BD55F1F94B9}.Release - Optimized|Win32.Build.0 = Release|Win32
		{9A3A25E1-3045-4EC3-BE51-5BD55F1F94B9}.Release|Any CPU.ActiveCfg = Release|Win32
		{9A3A25E1-3045-4EC3-BE51-5BD55F1F94B9}.Release|Win32.ActiveCfg = Release|Win32
		{9A3A25E1-3045-4EC3-BE51-5BD55F1F94B9}.Release|Win32.Build.0 = Release|Win32
		{AC9135D2-9C77-41E4-BB36-81600D7F0812}.Debug|Any CPU.ActiveCfg = Debug|Win32
		{AC9135D2-9C77-41E4-BB36-81600D7F0812}.Debug|Win32.ActiveCfg = Debug|Win32
		{AC9135D2-9C77-41E4-BB36-81600D7F0812}.Debug|Win32.Build.0 = Debug|Win32
		{AC9135D2-9C77-41E4-BB36-81600D7F0812}.Release - Optimized|Any CPU.ActiveCfg = Release|Win32
		{AC9135D2-9C77-41E4-BB36-81600D7F0812}.Release - Optimized|Any CPU.Build.0 = Release|Win32
		{AC9135D2-9C77-41E4-BB36-81600D7F0812}.Release - Optimized|Win32.ActiveCfg = Release|Win32
		{AC9135D2-9C77-41E4-BB36-81600D7F0812}.Release - Optimized|Win32.Build.0 = Release|Win32
		{AC9135D2-9C77-41E4-BB36-81600D7F0812}.Release|Any CPU.ActiveCfg = Release|Win32
		{AC9135D2-9C77-41E4-BB36-81600D7F0812}.Release|Win32.ActiveCfg = Release|Win32
		{AC9135D2-9C77-41E4-BB36-81600D7F0812}.Release|Win32.Build.0 = Release|Win32
		{49099A5E-FD74-48D8-BF74-CF0483863343}.Debug|Any CPU.ActiveCfg = Debug|Win32
		{49099A5E-FD74-48D8-BF74-CF0483863343}.Debug|Win32.ActiveCfg = Debug|Win32
		{49099A5E-FD74-48D8-BF74-CF0483863343}.Debug|Win32.Build.0 = Debug|Win32
		{49099A5E-FD74-48D8-BF74-CF0483863343}.Release - Optimized|Any CPU.ActiveCfg = Release|Win32
		{49099A5E-FD74-48D8-BF74-CF0483863343}.Release - Optimized|Any CPU.Build.0 = Release|Win32
		{49099A5E-FD74-48D8-BF74-CF0483863343}.Release - Optimized|Win32.ActiveCfg = Release|Win32
		{49099A5E-FD74-48D8-BF74-CF0483863343}.Release - Optimized|Win32.Build.0 = Release|Win32
		{49099A5E-FD74-48D8-BF74-CF0483863343}.Release|Any CPU.ActiveCfg = Release|Win32
		{49099A5E-FD74-48D8-BF74-CF0483863343}.Release|Win32.ActiveCfg = Release|Win32
		{49099A5E-FD74-48D8-BF74-CF0483863343}.Release|Win32.Build.0 = Release|Win32
		{11E82A06-6DEB-49EA-A176-A7F9C1164F11}.Debug|Any CPU.ActiveCfg = Debug|Win32
		{11E82A06-6DEB-49EA-A176-A7F9C1164F11}.Debug|Win32.ActiveCfg = Debug|Win32
		{11E82A06-6DEB-49EA-A176-A7F9C1164F11}.Debug|Win32.Build.0 = Debug|Win32
		{11E82A06-6DEB-49EA-A176-A7F9C1164F11}.Release - Optimized|Any CPU.ActiveCfg = Release|Win32
		{11E82A06-6DEB-49EA-A176-A7F9C1164F11}.Release - Optimized|Any CPU.Build.0 = Release|Win32
		{11E82A06-6DEB-49EA-A176-A7F9C1164F11}.Release - Optimized|Win32.ActiveCfg = Release|Win32
		{11E82A06-6DEB-49EA-A176-A7F9C1164F11}.Release - Optimized|Win32.Build.0 = Release|Win32
		{11E82A06-6DEB-49EA-A176-A7F9C1164F11}.Release|Any CPU.ActiveCfg = Release|Win32
		{11E82A06-6DEB-49EA-A176-A7F9C1164F11}.Release|Win32.ActiveCfg = Release|Win32
		{11E82A06-6DEB-49EA-A176-A7F9C1164F11}.Release|Win32.Build.0 = Release|Win32
	EndGlobalSection
	GlobalSection(SolutionProperties) = preSolution
		HideSolutionNode = FALSE
	EndGlobalSection
	GlobalSection(ExtensibilityGlobals) = postSolution
		VisualSVNWorkingCopyRoot = 
	EndGlobalSection
EndGlobal
