
Microsoft Visual Studio Solution File, Format Version 11.00
# Visual Studio 2010
Project("{8BC9CEB8-8B4A-11D0-8D11-00A0C91BC942}") = "OpenHoldem", "OpenHoldem\OpenHoldem.vcxproj", "{4B4F8898-50C6-4F07-8771-B140482DBA69}"
	ProjectSection(WebsiteProperties) = preProject
		Debug.AspNetCompiler.Debug = "True"
		Release.AspNetCompiler.Debug = "False"
	EndProjectSection
EndProject
Project("{8BC9CEB8-8B4A-11D0-8D11-00A0C91BC942}") = "OpenScrape", "OpenScrape\OpenScrape.vcxproj", "{24FC33AE-EECA-44F8-924C-D3658612C383}"
	ProjectSection(WebsiteProperties) = preProject
		Debug.AspNetCompiler.Debug = "True"
		Release.AspNetCompiler.Debug = "False"
	EndProjectSection
EndProject
Project("{8BC9CEB8-8B4A-11D0-8D11-00A0C91BC942}") = "ManualMode", "ManualMode\ManualMode.vcxproj", "{912CBD08-CFC5-4E5C-A6B5-FD18379467F2}"
	ProjectSection(WebsiteProperties) = preProject
		Debug.AspNetCompiler.Debug = "True"
		Release.AspNetCompiler.Debug = "False"
	EndProjectSection
EndProject
Project("{8BC9CEB8-8B4A-11D0-8D11-00A0C91BC942}") = "OHReplay", "OHReplay\OHReplay.vcxproj", "{339B71A7-4462-40FD-AE9C-ABA2EB73999A}"
	ProjectSection(WebsiteProperties) = preProject
		Debug.AspNetCompiler.Debug = "True"
		Release.AspNetCompiler.Debug = "False"
	EndProjectSection
EndProject
Project("{8BC9CEB8-8B4A-11D0-8D11-00A0C91BC942}") = "Perl_Callback", "Perl_Callback\Perl_Callback.vcxproj", "{A99B05F1-7EAF-4BED-AB9B-35853B1ECD4D}"
	ProjectSection(WebsiteProperties) = preProject
		Debug.AspNetCompiler.Debug = "True"
		Release.AspNetCompiler.Debug = "False"
	EndProjectSection
EndProject
Project("{8BC9CEB8-8B4A-11D0-8D11-00A0C91BC942}") = "poker-eval", "pokereval\poker-eval.vcxproj", "{A4DEF05E-E072-493E-B282-84731D60BCF0}"
	ProjectSection(WebsiteProperties) = preProject
		Debug.AspNetCompiler.Debug = "True"
		Release.AspNetCompiler.Debug = "False"
	EndProjectSection
EndProject
Project("{8BC9CEB8-8B4A-11D0-8D11-00A0C91BC942}") = "SciLexer", "scintilla\vcbuild\SciLexer.vcxproj", "{E757A486-9770-4DB4-8299-00E22986E604}"
	ProjectSection(WebsiteProperties) = preProject
		Debug.AspNetCompiler.Debug = "True"
		Release.AspNetCompiler.Debug = "False"
	EndProjectSection
EndProject
Project("{8BC9CEB8-8B4A-11D0-8D11-00A0C91BC942}") = "Reference Mouse DLL", "Reference Mouse DLL\Reference Mouse DLL.vcxproj", "{03DE5C1C-773F-47CF-AD7C-470F68C6400E}"
	ProjectSection(WebsiteProperties) = preProject
		Debug.AspNetCompiler.Debug = "True"
		Release.AspNetCompiler.Debug = "False"
	EndProjectSection
EndProject
Project("{8BC9CEB8-8B4A-11D0-8D11-00A0C91BC942}") = "Reference Keyboard DLL", "Reference Keyboard DLL\Reference Keyboard DLL.vcxproj", "{D71CCB48-1C2C-409E-9801-5AB37714ED68}"
	ProjectSection(WebsiteProperties) = preProject
		Debug.AspNetCompiler.Debug = "True"
		Release.AspNetCompiler.Debug = "False"
	EndProjectSection
EndProject
Project("{8BC9CEB8-8B4A-11D0-8D11-00A0C91BC942}") = "Reference Scraper DLL", "Reference Scraper DLL\Reference Scraper DLL.vcxproj", "{F7CF9CCE-04E1-4A98-BB34-EEF00A7E1AA1}"
	ProjectSection(WebsiteProperties) = preProject
		Debug.AspNetCompiler.Debug = "True"
		Release.AspNetCompiler.Debug = "False"
	EndProjectSection
EndProject
Project("{8BC9CEB8-8B4A-11D0-8D11-00A0C91BC942}") = "Reference User DLL", "Reference User DLL\user.vcxproj", "{AC9135D2-9C77-41E4-BB36-81600D7F0812}"
	ProjectSection(WebsiteProperties) = preProject
		Debug.AspNetCompiler.Debug = "True"
		Release.AspNetCompiler.Debug = "False"
	EndProjectSection
EndProject
Project("{8BC9CEB8-8B4A-11D0-8D11-00A0C91BC942}") = "PokerTracker_Query_Definitions", "PokerTracker_Query_Definitions\pokertracker_query_definitions.vcxproj", "{DAE7979B-3014-4B86-8EFD-FA155A58FE78}"
EndProject
Project("{8BC9CEB8-8B4A-11D0-8D11-00A0C91BC942}") = "OpenPPL", "OpenPPL\OpenPPL\OpenPPL.vcxproj", "{79F81A71-A7A4-4257-9BCB-1B55E7B40C6F}"
EndProject
Global
	GlobalSection(SolutionConfigurationPlatforms) = preSolution
		Debug|Win32 = Debug|Win32
		Release - Optimized|Win32 = Release - Optimized|Win32
		Release|Win32 = Release|Win32
	EndGlobalSection
	GlobalSection(ProjectConfigurationPlatforms) = postSolution
		{4B4F8898-50C6-4F07-8771-B140482DBA69}.Debug|Win32.ActiveCfg = Debug|Win32
		{4B4F8898-50C6-4F07-8771-B140482DBA69}.Debug|Win32.Build.0 = Debug|Win32
		{4B4F8898-50C6-4F07-8771-B140482DBA69}.Release - Optimized|Win32.ActiveCfg = Release - Optimized|Win32
		{4B4F8898-50C6-4F07-8771-B140482DBA69}.Release - Optimized|Win32.Build.0 = Release - Optimized|Win32
		{4B4F8898-50C6-4F07-8771-B140482DBA69}.Release|Win32.ActiveCfg = Release|Win32
		{4B4F8898-50C6-4F07-8771-B140482DBA69}.Release|Win32.Build.0 = Release|Win32
		{24FC33AE-EECA-44F8-924C-D3658612C383}.Debug|Win32.ActiveCfg = Debug|Win32
		{24FC33AE-EECA-44F8-924C-D3658612C383}.Debug|Win32.Build.0 = Debug|Win32
		{24FC33AE-EECA-44F8-924C-D3658612C383}.Release - Optimized|Win32.ActiveCfg = Release|Win32
		{24FC33AE-EECA-44F8-924C-D3658612C383}.Release - Optimized|Win32.Build.0 = Release|Win32
		{24FC33AE-EECA-44F8-924C-D3658612C383}.Release|Win32.ActiveCfg = Release|Win32
		{24FC33AE-EECA-44F8-924C-D3658612C383}.Release|Win32.Build.0 = Release|Win32
		{912CBD08-CFC5-4E5C-A6B5-FD18379467F2}.Debug|Win32.ActiveCfg = Debug|Win32
		{912CBD08-CFC5-4E5C-A6B5-FD18379467F2}.Debug|Win32.Build.0 = Debug|Win32
		{912CBD08-CFC5-4E5C-A6B5-FD18379467F2}.Release - Optimized|Win32.ActiveCfg = Release|Win32
		{912CBD08-CFC5-4E5C-A6B5-FD18379467F2}.Release - Optimized|Win32.Build.0 = Release|Win32
		{912CBD08-CFC5-4E5C-A6B5-FD18379467F2}.Release|Win32.ActiveCfg = Release|Win32
		{912CBD08-CFC5-4E5C-A6B5-FD18379467F2}.Release|Win32.Build.0 = Release|Win32
		{339B71A7-4462-40FD-AE9C-ABA2EB73999A}.Debug|Win32.ActiveCfg = Debug|Win32
		{339B71A7-4462-40FD-AE9C-ABA2EB73999A}.Debug|Win32.Build.0 = Debug|Win32
		{339B71A7-4462-40FD-AE9C-ABA2EB73999A}.Release - Optimized|Win32.ActiveCfg = Release|Win32
		{339B71A7-4462-40FD-AE9C-ABA2EB73999A}.Release - Optimized|Win32.Build.0 = Release|Win32
		{339B71A7-4462-40FD-AE9C-ABA2EB73999A}.Release|Win32.ActiveCfg = Release|Win32
		{339B71A7-4462-40FD-AE9C-ABA2EB73999A}.Release|Win32.Build.0 = Release|Win32
		{A99B05F1-7EAF-4BED-AB9B-35853B1ECD4D}.Debug|Win32.ActiveCfg = Release|Win32
		{A99B05F1-7EAF-4BED-AB9B-35853B1ECD4D}.Debug|Win32.Build.0 = Release|Win32
		{A99B05F1-7EAF-4BED-AB9B-35853B1ECD4D}.Release - Optimized|Win32.ActiveCfg = Release|Win32
		{A99B05F1-7EAF-4BED-AB9B-35853B1ECD4D}.Release - Optimized|Win32.Build.0 = Release|Win32
		{A99B05F1-7EAF-4BED-AB9B-35853B1ECD4D}.Release|Win32.ActiveCfg = Release|Win32
		{A99B05F1-7EAF-4BED-AB9B-35853B1ECD4D}.Release|Win32.Build.0 = Release|Win32
		{A4DEF05E-E072-493E-B282-84731D60BCF0}.Debug|Win32.ActiveCfg = Debug|Win32
		{A4DEF05E-E072-493E-B282-84731D60BCF0}.Debug|Win32.Build.0 = Debug|Win32
		{A4DEF05E-E072-493E-B282-84731D60BCF0}.Release - Optimized|Win32.ActiveCfg = Release|Win32
		{A4DEF05E-E072-493E-B282-84731D60BCF0}.Release - Optimized|Win32.Build.0 = Release|Win32
		{A4DEF05E-E072-493E-B282-84731D60BCF0}.Release|Win32.ActiveCfg = Release|Win32
		{A4DEF05E-E072-493E-B282-84731D60BCF0}.Release|Win32.Build.0 = Release|Win32
		{E757A486-9770-4DB4-8299-00E22986E604}.Debug|Win32.ActiveCfg = Release|Win32
		{E757A486-9770-4DB4-8299-00E22986E604}.Debug|Win32.Build.0 = Release|Win32
		{E757A486-9770-4DB4-8299-00E22986E604}.Release - Optimized|Win32.ActiveCfg = Release|Win32
		{E757A486-9770-4DB4-8299-00E22986E604}.Release - Optimized|Win32.Build.0 = Release|Win32
		{E757A486-9770-4DB4-8299-00E22986E604}.Release|Win32.ActiveCfg = Release|Win32
		{E757A486-9770-4DB4-8299-00E22986E604}.Release|Win32.Build.0 = Release|Win32
		{03DE5C1C-773F-47CF-AD7C-470F68C6400E}.Debug|Win32.ActiveCfg = Debug|Win32
		{03DE5C1C-773F-47CF-AD7C-470F68C6400E}.Debug|Win32.Build.0 = Debug|Win32
		{03DE5C1C-773F-47CF-AD7C-470F68C6400E}.Release - Optimized|Win32.ActiveCfg = Release|Win32
		{03DE5C1C-773F-47CF-AD7C-470F68C6400E}.Release - Optimized|Win32.Build.0 = Release|Win32
		{03DE5C1C-773F-47CF-AD7C-470F68C6400E}.Release|Win32.ActiveCfg = Release|Win32
		{03DE5C1C-773F-47CF-AD7C-470F68C6400E}.Release|Win32.Build.0 = Release|Win32
		{D71CCB48-1C2C-409E-9801-5AB37714ED68}.Debug|Win32.ActiveCfg = Debug|Win32
		{D71CCB48-1C2C-409E-9801-5AB37714ED68}.Debug|Win32.Build.0 = Debug|Win32
		{D71CCB48-1C2C-409E-9801-5AB37714ED68}.Release - Optimized|Win32.ActiveCfg = Release|Win32
		{D71CCB48-1C2C-409E-9801-5AB37714ED68}.Release - Optimized|Win32.Build.0 = Release|Win32
		{D71CCB48-1C2C-409E-9801-5AB37714ED68}.Release|Win32.ActiveCfg = Release|Win32
		{D71CCB48-1C2C-409E-9801-5AB37714ED68}.Release|Win32.Build.0 = Release|Win32
		{F7CF9CCE-04E1-4A98-BB34-EEF00A7E1AA1}.Debug|Win32.ActiveCfg = Debug|Win32
		{F7CF9CCE-04E1-4A98-BB34-EEF00A7E1AA1}.Debug|Win32.Build.0 = Debug|Win32
		{F7CF9CCE-04E1-4A98-BB34-EEF00A7E1AA1}.Release - Optimized|Win32.ActiveCfg = Release|Win32
		{F7CF9CCE-04E1-4A98-BB34-EEF00A7E1AA1}.Release - Optimized|Win32.Build.0 = Release|Win32
		{F7CF9CCE-04E1-4A98-BB34-EEF00A7E1AA1}.Release|Win32.ActiveCfg = Release|Win32
		{F7CF9CCE-04E1-4A98-BB34-EEF00A7E1AA1}.Release|Win32.Build.0 = Release|Win32
		{AC9135D2-9C77-41E4-BB36-81600D7F0812}.Debug|Win32.ActiveCfg = Debug|Win32
		{AC9135D2-9C77-41E4-BB36-81600D7F0812}.Debug|Win32.Build.0 = Debug|Win32
		{AC9135D2-9C77-41E4-BB36-81600D7F0812}.Release - Optimized|Win32.ActiveCfg = Release|Win32
		{AC9135D2-9C77-41E4-BB36-81600D7F0812}.Release - Optimized|Win32.Build.0 = Release|Win32
		{AC9135D2-9C77-41E4-BB36-81600D7F0812}.Release|Win32.ActiveCfg = Release|Win32
		{AC9135D2-9C77-41E4-BB36-81600D7F0812}.Release|Win32.Build.0 = Release|Win32
		{DAE7979B-3014-4B86-8EFD-FA155A58FE78}.Debug|Win32.ActiveCfg = Release|Win32
		{DAE7979B-3014-4B86-8EFD-FA155A58FE78}.Debug|Win32.Build.0 = Release|Win32
		{DAE7979B-3014-4B86-8EFD-FA155A58FE78}.Release - Optimized|Win32.ActiveCfg = Release|Win32
		{DAE7979B-3014-4B86-8EFD-FA155A58FE78}.Release - Optimized|Win32.Build.0 = Release|Win32
		{DAE7979B-3014-4B86-8EFD-FA155A58FE78}.Release|Win32.ActiveCfg = Release|Win32
		{DAE7979B-3014-4B86-8EFD-FA155A58FE78}.Release|Win32.Build.0 = Release|Win32
		{79F81A71-A7A4-4257-9BCB-1B55E7B40C6F}.Debug|Win32.ActiveCfg = Debug|Win32
		{79F81A71-A7A4-4257-9BCB-1B55E7B40C6F}.Debug|Win32.Build.0 = Debug|Win32
		{79F81A71-A7A4-4257-9BCB-1B55E7B40C6F}.Release - Optimized|Win32.ActiveCfg = Release|Win32
		{79F81A71-A7A4-4257-9BCB-1B55E7B40C6F}.Release - Optimized|Win32.Build.0 = Release|Win32
		{79F81A71-A7A4-4257-9BCB-1B55E7B40C6F}.Release|Win32.ActiveCfg = Release|Win32
		{79F81A71-A7A4-4257-9BCB-1B55E7B40C6F}.Release|Win32.Build.0 = Release|Win32
	EndGlobalSection
	GlobalSection(SolutionProperties) = preSolution
		HideSolutionNode = FALSE
	EndGlobalSection
	GlobalSection(ExtensibilityGlobals) = postSolution
		VisualSVNWorkingCopyRoot = 
	EndGlobalSection
EndGlobal
