<?xml version="1.0" encoding="utf-8"?>
<Project ToolsVersion="4.0" xmlns="http://schemas.microsoft.com/developer/msbuild/2003">
  <ItemGroup>
    <Filter Include="Source Files">
      <UniqueIdentifier>{4FC737F1-C7A5-4376-A066-2A32D752A2FF}</UniqueIdentifier>
      <Extensions>cpp;c;cc;cxx;def;odl;idl;hpj;bat;asm;asmx</Extensions>
    </Filter>
    <Filter Include="Source Files\winmgr">
      <UniqueIdentifier>{b643e412-a653-4da4-8031-58b5ac404d7c}</UniqueIdentifier>
    </Filter>
    <Filter Include="Source Files\hscroll-list-box">
      <UniqueIdentifier>{9b0869d4-af8c-44d2-911d-ef1b84ba9080}</UniqueIdentifier>
    </Filter>
    <Filter Include="Source Files\CTransform">
      <UniqueIdentifier>{1b5243fd-d98f-4ae7-9e2e-c0af4e934f6f}</UniqueIdentifier>
    </Filter>
    <Filter Include="Source Files\Validator-Rules">
      <UniqueIdentifier>{5620faf1-7269-4b15-866e-f68f55005401}</UniqueIdentifier>
    </Filter>
    <Filter Include="Source Files\Validator-Rules\Tools">
      <UniqueIdentifier>{a7a723b8-bf7f-4d80-ab11-7551c6b8738c}</UniqueIdentifier>
    </Filter>
    <Filter Include="Source Files\GUI">
      <UniqueIdentifier>{df2a1abf-7aa1-45c0-b617-00af429f2394}</UniqueIdentifier>
    </Filter>
    <Filter Include="Source Files\GUI\prefs_dlg">
      <UniqueIdentifier>{8501bdb8-cce4-4f2e-82c6-27cd69c14efe}</UniqueIdentifier>
    </Filter>
    <Filter Include="Source Files\GUI\Other Dialogs">
      <UniqueIdentifier>{a924ed08-a944-4dcd-8d0a-3b1edd496b88}</UniqueIdentifier>
    </Filter>
    <Filter Include="Source Files\Synchronization">
      <UniqueIdentifier>{1b6af5b2-87bc-4be8-849d-43d71710481c}</UniqueIdentifier>
    </Filter>
    <Filter Include="Source Files\Symbols">
      <UniqueIdentifier>{fca69c5c-eb9d-462b-897e-4c8e4ee3c9ff}</UniqueIdentifier>
    </Filter>
    <Filter Include="Source Files\Symbols\Symbol_Engines">
      <UniqueIdentifier>{1a08d686-c405-4afb-ae68-49d597ae8906}</UniqueIdentifier>
    </Filter>
    <Filter Include="Source Files\Usability">
      <UniqueIdentifier>{ee5c2273-588f-4d2a-ac84-7c160c56f007}</UniqueIdentifier>
    </Filter>
    <Filter Include="Source Files\AutoPlayer">
      <UniqueIdentifier>{f9ad060d-6d63-4a9d-9d0b-df3ce30b1638}</UniqueIdentifier>
    </Filter>
    <Filter Include="Source Files\AutoConnector">
      <UniqueIdentifier>{3e943a5c-69d8-4224-b36d-84d8a57672a5}</UniqueIdentifier>
    </Filter>
    <Filter Include="Source Files\Programming the Bot">
      <UniqueIdentifier>{7913655f-dbd6-4bb2-9e8b-f858d0c16fa0}</UniqueIdentifier>
    </Filter>
    <Filter Include="Source Files\PokerTracker">
      <UniqueIdentifier>{545adf4c-ec79-4906-8b90-26a0896d09f7}</UniqueIdentifier>
    </Filter>
    <Filter Include="Source Files\PrWin">
      <UniqueIdentifier>{8009be96-8a98-42e2-a17a-e51a86c604c3}</UniqueIdentifier>
    </Filter>
    <Filter Include="Source Files\ReplayFrames">
      <UniqueIdentifier>{44fc71f8-3d83-4c6f-a991-a20b8198598d}</UniqueIdentifier>
    </Filter>
    <Filter Include="Source Files\Scraper">
      <UniqueIdentifier>{b7f31f4e-2fcd-454f-93b8-c4453a733377}</UniqueIdentifier>
    </Filter>
    <Filter Include="Source Files\Various Function Libraries">
      <UniqueIdentifier>{0e0d1f2f-fb0c-4579-ba73-1f968599d18a}</UniqueIdentifier>
    </Filter>
    <Filter Include="Source Files\Parser">
      <UniqueIdentifier>{2942e050-aecc-4545-9cea-b4cbf9c3896c}</UniqueIdentifier>
    </Filter>
    <Filter Include="Source Files\CTablemap">
      <UniqueIdentifier>{acdb54bd-bbbd-48a0-aa27-a29a72e351b4}</UniqueIdentifier>
    </Filter>
    <Filter Include="Source Files\Formula">
      <UniqueIdentifier>{f3089de7-7328-4f5d-9efc-aa95cef12489}</UniqueIdentifier>
    </Filter>
    <Filter Include="Header Files">
      <UniqueIdentifier>{93995380-89BD-4b04-88EB-625FBE52EBFB}</UniqueIdentifier>
      <Extensions>h;hpp;hxx;hm;inl;inc;xsd</Extensions>
    </Filter>
    <Filter Include="Header Files\winmgr">
      <UniqueIdentifier>{5557d5f9-b69a-4e86-bce2-aa92f46b02c4}</UniqueIdentifier>
    </Filter>
    <Filter Include="Header Files\hscroll-list-box">
      <UniqueIdentifier>{03daa94c-136d-432d-a94a-f46aa458c946}</UniqueIdentifier>
    </Filter>
    <Filter Include="Header Files\pokereval">
      <UniqueIdentifier>{38a6ad96-c2fb-4b4f-81d3-71c9e816ad2f}</UniqueIdentifier>
    </Filter>
    <Filter Include="Header Files\postgres">
      <UniqueIdentifier>{3b1b5670-8abe-4f9f-a545-aeb6ea0faf6b}</UniqueIdentifier>
    </Filter>
    <Filter Include="Header Files\CTransform">
      <UniqueIdentifier>{26657c26-c20b-4db4-81d5-7843bcfe250b}</UniqueIdentifier>
    </Filter>
    <Filter Include="Header Files\StructsDefines">
      <UniqueIdentifier>{2634e482-8078-4868-bead-d7e960eca306}</UniqueIdentifier>
    </Filter>
    <Filter Include="Header Files\Symbols">
      <UniqueIdentifier>{aef914a8-358d-41bf-8fc5-90bf6b2ed5d9}</UniqueIdentifier>
    </Filter>
    <Filter Include="Header Files\Symbols\Symbol_Engines">
      <UniqueIdentifier>{ad332f4d-3cee-4d33-b627-773012ec4813}</UniqueIdentifier>
    </Filter>
    <Filter Include="Header Files\GUI">
      <UniqueIdentifier>{23299e8d-4671-48fc-934f-876ad7c6ecf8}</UniqueIdentifier>
    </Filter>
    <Filter Include="Header Files\GUI\prefs_dlg">
      <UniqueIdentifier>{e01d396c-4a85-41cf-ad73-bfb1d51ef4df}</UniqueIdentifier>
    </Filter>
    <Filter Include="Header Files\Synchronization">
      <UniqueIdentifier>{05204bbb-7b67-4823-a45f-4fbdef3cbb78}</UniqueIdentifier>
    </Filter>
    <Filter Include="Header Files\Synchronization\CCritSec">
      <UniqueIdentifier>{17789b0e-d452-470b-aba9-1fa246835581}</UniqueIdentifier>
    </Filter>
    <Filter Include="Header Files\Programming the Bot">
      <UniqueIdentifier>{70f8340b-4e1e-4d06-8c67-f0d6d920a248}</UniqueIdentifier>
    </Filter>
    <Filter Include="Header Files\PokerTracker">
      <UniqueIdentifier>{1ae88e00-25ce-4382-8c7b-cfd65b2afbf6}</UniqueIdentifier>
    </Filter>
    <Filter Include="Header Files\AutoPlayer">
      <UniqueIdentifier>{59a23f05-d7fc-4324-ab8d-75426886821c}</UniqueIdentifier>
    </Filter>
    <Filter Include="Header Files\AutoConnector">
      <UniqueIdentifier>{3d8c6a7e-3289-4c4c-b6d4-3a9319164d0f}</UniqueIdentifier>
    </Filter>
    <Filter Include="Header Files\Usability">
      <UniqueIdentifier>{2780ac45-dfba-4938-8796-265b52dbaff4}</UniqueIdentifier>
    </Filter>
    <Filter Include="Header Files\PrWin">
      <UniqueIdentifier>{3e7a6c13-7cb2-40cf-970d-c8926af3cacd}</UniqueIdentifier>
    </Filter>
    <Filter Include="Header Files\ReplayFrames">
      <UniqueIdentifier>{d0dac87d-da73-4552-ae09-fbe888824e13}</UniqueIdentifier>
    </Filter>
    <Filter Include="Header Files\Scraper">
      <UniqueIdentifier>{08311e71-295a-48db-a3bd-f0dde1e6ab6a}</UniqueIdentifier>
    </Filter>
    <Filter Include="Header Files\CTablemap">
      <UniqueIdentifier>{bef943fb-534d-4c1b-a339-1c1b7e3b1430}</UniqueIdentifier>
    </Filter>
    <Filter Include="Header Files\Various Function Libraries">
      <UniqueIdentifier>{da40c7bd-86ee-4fcd-9de1-ecf36a927626}</UniqueIdentifier>
    </Filter>
    <Filter Include="Header Files\Parser">
      <UniqueIdentifier>{aea31517-d59e-4bd9-9193-35fe209d4521}</UniqueIdentifier>
    </Filter>
    <Filter Include="Header Files\Formula">
      <UniqueIdentifier>{b3b42d64-5916-4258-9c98-cfd69cc24032}</UniqueIdentifier>
    </Filter>
    <Filter Include="Resource Files">
      <UniqueIdentifier>{67DA6AB6-F800-4c08-8B7A-83BB121AAD01}</UniqueIdentifier>
      <Extensions>rc;ico;cur;bmp;dlg;rc2;rct;bin;rgs;gif;jpg;jpeg;jpe;resx;tiff;tif;png;wav</Extensions>
    </Filter>
    <Filter Include="Documents">
      <UniqueIdentifier>{066acb1a-b4d6-464e-a1a1-74eebb7bd763}</UniqueIdentifier>
    </Filter>
    <Filter Include="Documents\Release Notes">
      <UniqueIdentifier>{5b7de682-71c3-4bf5-9881-fd9cdbd14c85}</UniqueIdentifier>
    </Filter>
    <Filter Include="Documents\Checklist for Releases">
      <UniqueIdentifier>{3bf1dc87-afa3-4653-8298-deb869573cff}</UniqueIdentifier>
    </Filter>
    <Filter Include="Source Files\GUI\Unused_might_be_recycled">
      <UniqueIdentifier>{94d59cbb-2478-484c-a4a0-0f28a192adfd}</UniqueIdentifier>
    </Filter>
    <Filter Include="Source Files\Symbols\ToDo">
      <UniqueIdentifier>{deb1712a-592a-4104-b014-17c41e0e4556}</UniqueIdentifier>
    </Filter>
    <Filter Include="Header Files\Symbols\ToDo">
      <UniqueIdentifier>{6220de77-6c73-4d28-b85f-15ad2e3e35a8}</UniqueIdentifier>
    </Filter>
    <Filter Include="Header Files\GUI\Other Dialogs">
      <UniqueIdentifier>{b630c49d-cbec-4435-a417-723d6cffc4d2}</UniqueIdentifier>
    </Filter>
    <Filter Include="Source Files\Symbols\Symbol_Engines\Blinds">
      <UniqueIdentifier>{7d17f6d3-a645-48a1-9c8a-5a4ecaf23be8}</UniqueIdentifier>
    </Filter>
    <Filter Include="Header Files\Symbols\Symbol_Engines\Blinds">
      <UniqueIdentifier>{31fd34f7-e0a3-4d19-a8fd-8895f1bda00e}</UniqueIdentifier>
    </Filter>
    <Filter Include="Source Files\Programming the Bot\DLL">
      <UniqueIdentifier>{c4dd8200-962c-43cb-b168-32ef5d3beba8}</UniqueIdentifier>
    </Filter>
    <Filter Include="Header Files\Programming the Bot\DLL">
      <UniqueIdentifier>{cb906b06-3206-4087-8396-032290c20b19}</UniqueIdentifier>
    </Filter>
    <Filter Include="Header Files\HandhistoryGenerator">
      <UniqueIdentifier>{21cae660-62c0-4f10-9e03-0740953dc89e}</UniqueIdentifier>
    </Filter>
    <Filter Include="Source Files\HandhistoryGenerator">
      <UniqueIdentifier>{3a6f2946-c39b-42b6-b351-1c126988f61a}</UniqueIdentifier>
    </Filter>
  </ItemGroup>
  <ItemGroup>
    <ClCompile Include="CFileSystemMonitor.cpp">
      <Filter>Source Files</Filter>
    </ClCompile>
    <ClCompile Include="CFlagsToolbar.cpp">
      <Filter>Source Files</Filter>
    </ClCompile>
    <ClCompile Include="CHandresetDetector.cpp">
      <Filter>Source Files</Filter>
    </ClCompile>
    <ClCompile Include="CHeartbeatThread.cpp">
      <Filter>Source Files</Filter>
    </ClCompile>
    <ClCompile Include="CLevDistance.cpp">
      <Filter>Source Files</Filter>
    </ClCompile>
    <ClCompile Include="CMyMutex.cpp">
      <Filter>Source Files</Filter>
    </ClCompile>
    <ClCompile Include="COcclusionCheck.cpp">
      <Filter>Source Files</Filter>
    </ClCompile>
    <ClCompile Include="CPopupHandler.cpp">
      <Filter>Source Files</Filter>
    </ClCompile>
    <ClCompile Include="CPreferences.cpp">
      <Filter>Source Files</Filter>
    </ClCompile>
    <ClCompile Include="crc32hash.cpp">
      <Filter>Source Files</Filter>
    </ClCompile>
    <ClCompile Include="CValidator.cpp">
      <Filter>Source Files</Filter>
    </ClCompile>
    <ClCompile Include="debug.cpp">
      <Filter>Source Files</Filter>
    </ClCompile>
    <ClCompile Include="MainFrm.cpp">
      <Filter>Source Files</Filter>
    </ClCompile>
    <ClCompile Include="MD5_Checksum.cpp">
      <Filter>Source Files</Filter>
    </ClCompile>
    <ClCompile Include="Median.cpp">
      <Filter>Source Files</Filter>
    </ClCompile>
    <ClCompile Include="OpenHoldem.cpp">
      <Filter>Source Files</Filter>
    </ClCompile>
    <ClCompile Include="OpenHoldemDoc.cpp">
      <Filter>Source Files</Filter>
    </ClCompile>
    <ClCompile Include="Singletons.cpp">
      <Filter>Source Files</Filter>
    </ClCompile>
    <ClCompile Include="stdafx.cpp">
      <Filter>Source Files</Filter>
    </ClCompile>
    <ClCompile Include="..\winmgr\SizerBar.cpp">
      <Filter>Source Files\winmgr</Filter>
    </ClCompile>
    <ClCompile Include="..\winmgr\WinMgr.cpp">
      <Filter>Source Files\winmgr</Filter>
    </ClCompile>
    <ClCompile Include="..\winmgr\WinRect.cpp">
      <Filter>Source Files\winmgr</Filter>
    </ClCompile>
    <ClCompile Include="..\hscroll-list-box\HScrollListBox.cpp">
      <Filter>Source Files\hscroll-list-box</Filter>
    </ClCompile>
    <ClCompile Include="..\CTransform\pdiff\CompareArgs.cpp">
      <Filter>Source Files\CTransform</Filter>
    </ClCompile>
    <ClCompile Include="..\CTransform\CTransform.cpp">
      <Filter>Source Files\CTransform</Filter>
    </ClCompile>
    <ClCompile Include="..\CTransform\hash\lookup3.cpp">
      <Filter>Source Files\CTransform</Filter>
    </ClCompile>
    <ClCompile Include="..\CTransform\pdiff\LPyramid.cpp">
      <Filter>Source Files\CTransform</Filter>
    </ClCompile>
    <ClCompile Include="..\CTransform\pdiff\Metric.cpp">
      <Filter>Source Files\CTransform</Filter>
    </ClCompile>
    <ClCompile Include="..\CTransform\pdiff\RGBAImage.cpp">
      <Filter>Source Files\CTransform</Filter>
    </ClCompile>
    <ClCompile Include="COpenHoldemTitle.cpp">
      <Filter>Source Files\GUI</Filter>
    </ClCompile>
    <ClCompile Include="DialogSAPrefs10.cpp">
      <Filter>Source Files\GUI\prefs_dlg</Filter>
    </ClCompile>
    <ClCompile Include="DialogSAPrefs11.cpp">
      <Filter>Source Files\GUI\prefs_dlg</Filter>
    </ClCompile>
    <ClCompile Include="DialogSAPrefs12.cpp">
      <Filter>Source Files\GUI\prefs_dlg</Filter>
    </ClCompile>
    <ClCompile Include="DialogSAPrefs13.cpp">
      <Filter>Source Files\GUI\prefs_dlg</Filter>
    </ClCompile>
    <ClCompile Include="DialogSAPrefs14.cpp">
      <Filter>Source Files\GUI\prefs_dlg</Filter>
    </ClCompile>
    <ClCompile Include="DialogSAPrefs15.cpp">
      <Filter>Source Files\GUI\prefs_dlg</Filter>
    </ClCompile>
    <ClCompile Include="DialogSAPrefs16.cpp">
      <Filter>Source Files\GUI\prefs_dlg</Filter>
    </ClCompile>
    <ClCompile Include="DialogSAPrefs17.cpp">
      <Filter>Source Files\GUI\prefs_dlg</Filter>
    </ClCompile>
    <ClCompile Include="DialogSAPrefs19.cpp">
      <Filter>Source Files\GUI\prefs_dlg</Filter>
    </ClCompile>
    <ClCompile Include="DialogSAPrefs2.cpp">
      <Filter>Source Files\GUI\prefs_dlg</Filter>
    </ClCompile>
    <ClCompile Include="DialogSAPrefs20.cpp">
      <Filter>Source Files\GUI\prefs_dlg</Filter>
    </ClCompile>
    <ClCompile Include="DialogSAPrefs21.cpp">
      <Filter>Source Files\GUI\prefs_dlg</Filter>
    </ClCompile>
    <ClCompile Include="DialogSAPrefs22.cpp">
      <Filter>Source Files\GUI\prefs_dlg</Filter>
    </ClCompile>
    <ClCompile Include="DialogSAPrefs3.cpp">
      <Filter>Source Files\GUI\prefs_dlg</Filter>
    </ClCompile>
    <ClCompile Include="DialogSAPrefs4.cpp">
      <Filter>Source Files\GUI\prefs_dlg</Filter>
    </ClCompile>
    <ClCompile Include="DialogSAPrefs6.cpp">
      <Filter>Source Files\GUI\prefs_dlg</Filter>
    </ClCompile>
    <ClCompile Include="DialogSAPrefs8.cpp">
      <Filter>Source Files\GUI\prefs_dlg</Filter>
    </ClCompile>
    <ClCompile Include="SAPrefsDialog.cpp">
      <Filter>Source Files\GUI\prefs_dlg</Filter>
    </ClCompile>
    <ClCompile Include="SAPrefsStatic.cpp">
      <Filter>Source Files\GUI\prefs_dlg</Filter>
    </ClCompile>
    <ClCompile Include="SAPrefsSubDlg.cpp">
      <Filter>Source Files\GUI\prefs_dlg</Filter>
    </ClCompile>
    <ClCompile Include="COpenHoldemStatusbar.cpp">
      <Filter>Source Files\GUI\Other Dialogs</Filter>
    </ClCompile>
    <ClCompile Include="DialogFormulaScintilla.cpp">
      <Filter>Source Files\GUI\Other Dialogs</Filter>
    </ClCompile>
    <ClCompile Include="DialogHandList.cpp">
      <Filter>Source Files\GUI\Other Dialogs</Filter>
    </ClCompile>
    <ClCompile Include="DialogNew.cpp">
      <Filter>Source Files\GUI\Other Dialogs</Filter>
    </ClCompile>
    <ClCompile Include="DialogRename.cpp">
      <Filter>Source Files\GUI\Other Dialogs</Filter>
    </ClCompile>
    <ClCompile Include="DialogScraperOutput.cpp">
      <Filter>Source Files\GUI\Other Dialogs</Filter>
    </ClCompile>
    <ClCompile Include="MyCToolBar.cpp">
      <Filter>Source Files\GUI\Other Dialogs</Filter>
    </ClCompile>
    <ClCompile Include="OH_MessageBox.cpp">
      <Filter>Source Files\GUI\Other Dialogs</Filter>
    </ClCompile>
    <ClCompile Include="OpenHoldemView.cpp">
      <Filter>Source Files\GUI\Other Dialogs</Filter>
    </ClCompile>
    <ClCompile Include="ScintillaWnd.cpp">
      <Filter>Source Files\GUI\Other Dialogs</Filter>
    </ClCompile>
    <ClCompile Include="VerifyFunctionAndListNames.cpp">
      <Filter>Source Files\GUI\Other Dialogs</Filter>
    </ClCompile>
    <ClCompile Include="CSessionCounter.cpp">
      <Filter>Source Files\Synchronization</Filter>
    </ClCompile>
    <ClCompile Include="CSharedMem.cpp">
      <Filter>Source Files\Synchronization</Filter>
    </ClCompile>
    <ClCompile Include="CEngineContainer.cpp">
      <Filter>Source Files\Symbols</Filter>
    </ClCompile>
    <ClCompile Include="UnknownSymbols.cpp">
      <Filter>Source Files\Symbols</Filter>
    </ClCompile>
    <ClCompile Include="CSymbolEngineActiveDealtPlaying.cpp">
      <Filter>Source Files\Symbols\Symbol_Engines</Filter>
    </ClCompile>
    <ClCompile Include="CSymbolEngineAutoplayer.cpp">
      <Filter>Source Files\Symbols\Symbol_Engines</Filter>
    </ClCompile>
    <ClCompile Include="CSymbolEngineBlinds.cpp">
      <Filter>Source Files\Symbols\Symbol_Engines</Filter>
    </ClCompile>
    <ClCompile Include="CSymbolEngineCards.cpp">
      <Filter>Source Files\Symbols\Symbol_Engines</Filter>
    </ClCompile>
    <ClCompile Include="CSymbolEngineChipAmounts.cpp">
      <Filter>Source Files\Symbols\Symbol_Engines</Filter>
    </ClCompile>
    <ClCompile Include="CSymbolengineDealerchair.cpp">
      <Filter>Source Files\Symbols\Symbol_Engines</Filter>
    </ClCompile>
    <ClCompile Include="CSymbolEngineEventLogging.cpp">
      <Filter>Source Files\Symbols\Symbol_Engines</Filter>
    </ClCompile>
    <ClCompile Include="CSymbolEngineHandrank.cpp">
      <Filter>Source Files\Symbols\Symbol_Engines</Filter>
    </ClCompile>
    <ClCompile Include="CSymbolEngineHistory.cpp">
      <Filter>Source Files\Symbols\Symbol_Engines</Filter>
    </ClCompile>
    <ClCompile Include="CSymbolEngineIniFunctions.cpp">
      <Filter>Source Files\Symbols\Symbol_Engines</Filter>
    </ClCompile>
    <ClCompile Include="CSymbolEngineIsOmaha.cpp">
      <Filter>Source Files\Symbols\Symbol_Engines</Filter>
    </ClCompile>
    <ClCompile Include="CSymbolEngineIsTournament.cpp">
      <Filter>Source Files\Symbols\Symbol_Engines</Filter>
    </ClCompile>
    <ClCompile Include="CSymbolEngineMemorySymbols.cpp">
      <Filter>Source Files\Symbols\Symbol_Engines</Filter>
    </ClCompile>
    <ClCompile Include="CSymbolEngineOpenPPLHandAndBoardExpression.cpp">
      <Filter>Source Files\Symbols\Symbol_Engines</Filter>
    </ClCompile>
    <ClCompile Include="CSymbolEngineOpenPPLUserVariables.cpp">
      <Filter>Source Files\Symbols\Symbol_Engines</Filter>
    </ClCompile>
    <ClCompile Include="CSymbolEnginePokerTracker.cpp">
      <Filter>Source Files\Symbols\Symbol_Engines</Filter>
    </ClCompile>
    <ClCompile Include="CSymbolEnginePokerval.cpp">
      <Filter>Source Files\Symbols\Symbol_Engines</Filter>
    </ClCompile>
    <ClCompile Include="CSymbolEnginePositions.cpp">
      <Filter>Source Files\Symbols\Symbol_Engines</Filter>
    </ClCompile>
    <ClCompile Include="CSymbolEnginePrwin.cpp">
      <Filter>Source Files\Symbols\Symbol_Engines</Filter>
    </ClCompile>
    <ClCompile Include="CSymbolEngineRaisersCallers.cpp">
      <Filter>Source Files\Symbols\Symbol_Engines</Filter>
    </ClCompile>
    <ClCompile Include="CSymbolEngineRandom.cpp">
      <Filter>Source Files\Symbols\Symbol_Engines</Filter>
    </ClCompile>
    <ClCompile Include="CSymbolEngineReplayFrameController.cpp">
      <Filter>Source Files\Symbols\Symbol_Engines</Filter>
    </ClCompile>
    <ClCompile Include="CSymbolEngineTime.cpp">
      <Filter>Source Files\Symbols\Symbol_Engines</Filter>
    </ClCompile>
    <ClCompile Include="CSymbolEngineUserchair.cpp">
      <Filter>Source Files\Symbols\Symbol_Engines</Filter>
    </ClCompile>
    <ClCompile Include="CSymbolEngineVariousDataLookup.cpp">
      <Filter>Source Files\Symbols\Symbol_Engines</Filter>
    </ClCompile>
    <ClCompile Include="CVirtualSymbolEngine.cpp">
      <Filter>Source Files\Symbols\Symbol_Engines</Filter>
    </ClCompile>
    <ClCompile Include="CConfigurationCheck.cpp">
      <Filter>Source Files\Usability</Filter>
    </ClCompile>
    <ClCompile Include="CProblemSolver.cpp">
      <Filter>Source Files\Usability</Filter>
    </ClCompile>
    <ClCompile Include="CVersionInfo.cpp">
      <Filter>Source Files\Usability</Filter>
    </ClCompile>
    <ClCompile Include="BringKeyboard.cpp">
      <Filter>Source Files\AutoPlayer</Filter>
    </ClCompile>
    <ClCompile Include="CAutoplayer.cpp">
      <Filter>Source Files\AutoPlayer</Filter>
    </ClCompile>
    <ClCompile Include="CAutoplayerFunctions.cpp">
      <Filter>Source Files\AutoPlayer</Filter>
    </ClCompile>
    <ClCompile Include="CCasinoInterface.cpp">
      <Filter>Source Files\AutoPlayer</Filter>
    </ClCompile>
    <ClCompile Include="CRebuyManagement.cpp">
      <Filter>Source Files\AutoPlayer</Filter>
    </ClCompile>
    <ClCompile Include="CStableFramesCounter.cpp">
      <Filter>Source Files\AutoPlayer</Filter>
    </ClCompile>
    <ClCompile Include="PokerChat.cpp">
      <Filter>Source Files\AutoPlayer</Filter>
    </ClCompile>
    <ClCompile Include="SwagAdjustment.cpp">
      <Filter>Source Files\AutoPlayer</Filter>
    </ClCompile>
    <ClCompile Include="CAutoConnector.cpp">
      <Filter>Source Files\AutoConnector</Filter>
    </ClCompile>
    <ClCompile Include="CTableMapLoader.cpp">
      <Filter>Source Files\AutoConnector</Filter>
    </ClCompile>
    <ClCompile Include="CTablePositioner.cpp">
      <Filter>Source Files\AutoConnector</Filter>
    </ClCompile>
    <ClCompile Include="CPokerTrackerLookUp.cpp">
      <Filter>Source Files\PokerTracker</Filter>
    </ClCompile>
    <ClCompile Include="CPokerTrackerThread.cpp">
      <Filter>Source Files\PokerTracker</Filter>
    </ClCompile>
    <ClCompile Include="CIteratorThread.cpp">
      <Filter>Source Files\PrWin</Filter>
    </ClCompile>
    <ClCompile Include="PrWinHandranges.cpp">
      <Filter>Source Files\PrWin</Filter>
    </ClCompile>
    <ClCompile Include="CReplayFrame.cpp">
      <Filter>Source Files\ReplayFrames</Filter>
    </ClCompile>
    <ClCompile Include="Bitmaps.cpp">
      <Filter>Source Files\Scraper</Filter>
    </ClCompile>
    <ClCompile Include="CLazyScraper.cpp">
      <Filter>Source Files\Scraper</Filter>
    </ClCompile>
    <ClCompile Include="CScraper.cpp">
      <Filter>Source Files\Scraper</Filter>
    </ClCompile>
    <ClCompile Include="CScraperPreprocessor.cpp">
      <Filter>Source Files\Scraper</Filter>
    </ClCompile>
    <ClCompile Include="CardFunctions.cpp">
      <Filter>Source Files\Various Function Libraries</Filter>
    </ClCompile>
    <ClCompile Include="CFilenames.cpp">
      <Filter>Source Files\Various Function Libraries</Filter>
    </ClCompile>
    <ClCompile Include="CStringHashtableTemplate.cpp">
      <Filter>Source Files\Various Function Libraries</Filter>
    </ClCompile>
    <ClCompile Include="CStringMatch.cpp">
      <Filter>Source Files\Various Function Libraries</Filter>
    </ClCompile>
    <ClCompile Include="MagicNumbers.cpp">
      <Filter>Source Files\Various Function Libraries</Filter>
    </ClCompile>
    <ClCompile Include="NumericalFunctions.cpp">
      <Filter>Source Files\Various Function Libraries</Filter>
    </ClCompile>
    <ClCompile Include="StringFunctions.cpp">
      <Filter>Source Files\Various Function Libraries</Filter>
    </ClCompile>
    <ClCompile Include="WindowFunctions.cpp">
      <Filter>Source Files\Various Function Libraries</Filter>
    </ClCompile>
    <ClCompile Include="CFormulaFileSplitter.cpp">
      <Filter>Source Files\Parser</Filter>
    </ClCompile>
    <ClCompile Include="CFormulaParser.cpp">
      <Filter>Source Files\Parser</Filter>
    </ClCompile>
    <ClCompile Include="CParseErrors.cpp">
      <Filter>Source Files\Parser</Filter>
    </ClCompile>
    <ClCompile Include="CParserSymbolTable.cpp">
      <Filter>Source Files\Parser</Filter>
    </ClCompile>
    <ClCompile Include="CParseTreeNode.cpp">
      <Filter>Source Files\Parser</Filter>
    </ClCompile>
    <ClCompile Include="CParseTreeRotator.cpp">
      <Filter>Source Files\Parser</Filter>
    </ClCompile>
    <ClCompile Include="CTokenizer.cpp">
      <Filter>Source Files\Parser</Filter>
    </ClCompile>
    <ClCompile Include="TokenizerConstants.cpp">
      <Filter>Source Files\Parser</Filter>
    </ClCompile>
    <ClCompile Include="..\CTablemap\CTablemap.cpp">
      <Filter>Source Files\CTablemap</Filter>
    </ClCompile>
    <ClCompile Include="..\CTablemap\CTablemapAccess.cpp">
      <Filter>Source Files\CTablemap</Filter>
    </ClCompile>
    <ClCompile Include="CTablemapCompletenessChecker.cpp">
      <Filter>Source Files\CTablemap</Filter>
    </ClCompile>
    <ClCompile Include="CAutoplayerTrace.cpp">
      <Filter>Source Files\Formula</Filter>
    </ClCompile>
    <ClCompile Include="CDebugTab.cpp">
      <Filter>Source Files\Formula</Filter>
    </ClCompile>
    <ClCompile Include="CFunction.cpp">
      <Filter>Source Files\Formula</Filter>
    </ClCompile>
    <ClCompile Include="CFunctionCollection.cpp">
      <Filter>Source Files\Formula</Filter>
    </ClCompile>
    <ClCompile Include="COHScriptList.cpp">
      <Filter>Source Files\Formula</Filter>
    </ClCompile>
    <ClCompile Include="COHScriptObject.cpp">
      <Filter>Source Files\Formula</Filter>
    </ClCompile>
    <ClCompile Include="CSymbolEngineVersus.cpp">
      <Filter>Source Files\Symbols\Symbol_Engines</Filter>
    </ClCompile>
    <ClCompile Include="DialogSAPrefs18.cpp">
      <Filter>Source Files\GUI\Unused_might_be_recycled</Filter>
    </ClCompile>
    <ClCompile Include="CBetroundCalculator.cpp">
      <Filter>Source Files\Symbols\ToDo</Filter>
    </ClCompile>
    <ClCompile Include="Chair$Symbols.cpp">
      <Filter>Source Files\Symbols\ToDo</Filter>
    </ClCompile>
    <ClCompile Include="CSymbolEnginePokerAction.cpp">
      <Filter>Source Files\Symbols\Symbol_Engines</Filter>
    </ClCompile>
    <ClCompile Include="Card.cpp">
      <Filter>Source Files</Filter>
    </ClCompile>
    <ClCompile Include="CTableState.cpp">
      <Filter>Source Files</Filter>
    </ClCompile>
    <ClCompile Include="CPlayer.cpp">
      <Filter>Source Files</Filter>
    </ClCompile>
    <ClCompile Include="DialogSAPrefs7.cpp">
      <Filter>Source Files\GUI\Unused_might_be_recycled</Filter>
    </ClCompile>
    <ClCompile Include="CWhiteInfoBox.cpp">
      <Filter>Source Files\GUI</Filter>
    </ClCompile>
    <ClCompile Include="CSymbolEngineICM.cpp">
      <Filter>Source Files\Symbols\Symbol_Engines</Filter>
    </ClCompile>
    <ClCompile Include="CSymbolengineOpenPPL.cpp">
      <Filter>Source Files\Symbols\Symbol_Engines</Filter>
    </ClCompile>
    <ClCompile Include="CSymbolEngineChairs.cpp">
      <Filter>Source Files\Symbols\Symbol_Engines</Filter>
    </ClCompile>
    <ClCompile Include="CSelftestParserEvaluator.cpp">
      <Filter>Source Files</Filter>
    </ClCompile>
    <ClCompile Include="CSymbolengineTableStats.cpp">
      <Filter>Source Files\Symbols\Symbol_Engines</Filter>
    </ClCompile>
    <ClCompile Include="MemoryLogging.cpp">
      <Filter>Source Files</Filter>
    </ClCompile>
    <ClCompile Include="CSymbolEngineTableLimits.cpp">
      <Filter>Source Files\Symbols\Symbol_Engines\Blinds</Filter>
    </ClCompile>
    <ClCompile Include="CBlindLevels.cpp">
      <Filter>Source Files\Symbols\Symbol_Engines\Blinds</Filter>
    </ClCompile>
    <ClCompile Include="CBlindGuesser.cpp">
      <Filter>Source Files\Symbols\Symbol_Engines\Blinds</Filter>
    </ClCompile>
    <ClCompile Include="CSymbolEngineGameType.cpp">
      <Filter>Source Files\Symbols\Symbol_Engines</Filter>
    </ClCompile>
    <ClCompile Include="CDllExtension.cpp">
      <Filter>Source Files\Programming the Bot\DLL</Filter>
    </ClCompile>
    <ClCompile Include="CGameState.cpp">
      <Filter>Source Files\Programming the Bot\DLL</Filter>
    </ClCompile>
    <ClCompile Include="CHandHistoryDealPhase.cpp">
      <Filter>Source Files\HandhistoryGenerator</Filter>
    </ClCompile>
    <ClCompile Include="CHandHistoryUncontested.cpp">
      <Filter>Source Files\HandhistoryGenerator</Filter>
    </ClCompile>
    <ClCompile Include="CHandHistoryWriter.cpp">
      <Filter>Source Files\HandhistoryGenerator</Filter>
    </ClCompile>
    <ClCompile Include="CHandHistoryShowdown.cpp">
      <Filter>Source Files\HandhistoryGenerator</Filter>
    </ClCompile>
    <ClCompile Include="CHandHistoryAction.cpp">
      <Filter>Source Files\HandhistoryGenerator</Filter>
    </ClCompile>
    <ClCompile Include="CSymbolEngineCasino.cpp">
      <Filter>Source Files\Symbols\Symbol_Engines</Filter>
    </ClCompile>
    <ClCompile Include="BetpotCalculations.cpp">
      <Filter>Source Files\AutoPlayer</Filter>
    </ClCompile>
    <ClCompile Include="AllinAdjustment.cpp">
      <Filter>Source Files\AutoPlayer</Filter>
    </ClCompile>
    <ClCompile Include="CSymbolEngineColourCodes.cpp">
      <Filter>Source Files\Symbols\Symbol_Engines</Filter>
    </ClCompile>
    <ClCompile Include="DialogSAPrefs9.cpp">
      <Filter>Source Files\GUI\Unused_might_be_recycled</Filter>
    </ClCompile>
    <ClCompile Include="SLimitInfo.cpp">
      <Filter>Source Files</Filter>
    </ClCompile>
    <ClCompile Include="CScrapedActionInterface.cpp">
      <Filter>Source Files</Filter>
    </ClCompile>
    <ClCompile Include="WebSafeColours.cpp">
      <Filter>Source Files\CTransform</Filter>
    </ClCompile>
    <ClCompile Include="CSymbolEngineMTTInfo.cpp">
      <Filter>Source Files\Symbols\Symbol_Engines</Filter>
    </ClCompile>
  </ItemGroup>
  <ItemGroup>
    <None Include="Validator_Rules\consistency_checks_action_symbols_inline.cpp_">
      <Filter>Source Files\Validator-Rules</Filter>
    </None>
    <None Include="Validator_Rules\consistency_checks_autoplayer_inline.cpp_">
      <Filter>Source Files\Validator-Rules</Filter>
    </None>
    <None Include="Validator_Rules\consistency_checks_bets_inline.cpp_">
      <Filter>Source Files\Validator-Rules</Filter>
    </None>
    <None Include="Validator_Rules\consistency_checks_buttons_inline.cpp_">
      <Filter>Source Files\Validator-Rules</Filter>
    </None>
    <None Include="Validator_Rules\consistency_checks_cards_inline.cpp_">
      <Filter>Source Files\Validator-Rules</Filter>
    </None>
    <None Include="Validator_Rules\consistency_checks_chip_amounts_inline.cpp_">
      <Filter>Source Files\Validator-Rules</Filter>
    </None>
    <None Include="Validator_Rules\consistency_checks_general_inline.cpp_">
      <Filter>Source Files\Validator-Rules</Filter>
    </None>
    <None Include="Validator_Rules\consistency_checks_handreset_inline.cpp_">
      <Filter>Source Files\Validator-Rules</Filter>
    </None>
    <None Include="Validator_Rules\consistency_checks_history_inline.cpp_">
      <Filter>Source Files\Validator-Rules</Filter>
    </None>
    <None Include="Validator_Rules\consistency_checks_limits_inline.cpp_">
      <Filter>Source Files\Validator-Rules</Filter>
    </None>
    <None Include="Validator_Rules\consistency_checks_memory_symbols_inline.cpp_">
      <Filter>Source Files\Validator-Rules</Filter>
    </None>
    <None Include="Validator_Rules\consistency_checks_number_of_bets_inline.cpp_">
      <Filter>Source Files\Validator-Rules</Filter>
    </None>
    <None Include="Validator_Rules\consistency_checks_players_friends_opponents_inline.cpp_">
      <Filter>Source Files\Validator-Rules</Filter>
    </None>
    <None Include="Validator_Rules\consistency_checks_table_stats_inline.cpp_">
      <Filter>Source Files\Validator-Rules</Filter>
    </None>
    <None Include="Validator_Rules\consistency_checks_time_inline.cpp_">
      <Filter>Source Files\Validator-Rules</Filter>
    </None>
    <None Include="Validator_Rules\range_checks_action_symbols_inline.cpp_">
      <Filter>Source Files\Validator-Rules</Filter>
    </None>
    <None Include="Validator_Rules\range_checks_autoplayer_inline.cpp_">
      <Filter>Source Files\Validator-Rules</Filter>
    </None>
    <None Include="Validator_Rules\range_checks_card_symbols_inline.cpp_">
      <Filter>Source Files\Validator-Rules</Filter>
    </None>
    <None Include="Validator_Rules\range_checks_chairs_inline.cpp_">
      <Filter>Source Files\Validator-Rules</Filter>
    </None>
    <None Include="Validator_Rules\range_checks_chip_amounts_inline.cpp_">
      <Filter>Source Files\Validator-Rules</Filter>
    </None>
    <None Include="Validator_Rules\range_checks_common_cards_inline.cpp_">
      <Filter>Source Files\Validator-Rules</Filter>
    </None>
    <None Include="Validator_Rules\range_checks_flags_inline.cpp_">
      <Filter>Source Files\Validator-Rules</Filter>
    </None>
    <None Include="Validator_Rules\range_checks_flushes_straights_sets_inline.cpp_">
      <Filter>Source Files\Validator-Rules</Filter>
    </None>
    <None Include="Validator_Rules\range_checks_formula_file_inline.cpp_">
      <Filter>Source Files\Validator-Rules</Filter>
    </None>
    <None Include="Validator_Rules\range_checks_general_symbols_inline.cpp_">
      <Filter>Source Files\Validator-Rules</Filter>
    </None>
    <None Include="Validator_Rules\range_checks_handrank_inline.cpp_">
      <Filter>Source Files\Validator-Rules</Filter>
    </None>
    <None Include="Validator_Rules\range_checks_icm_symbols_inline.cpp_">
      <Filter>Source Files\Validator-Rules</Filter>
    </None>
    <None Include="Validator_Rules\range_checks_known_cards_inline.cpp_">
      <Filter>Source Files\Validator-Rules</Filter>
    </None>
    <None Include="Validator_Rules\range_checks_limits_inline.cpp_">
      <Filter>Source Files\Validator-Rules</Filter>
    </None>
    <None Include="Validator_Rules\range_checks_list_tests_inline.cpp_">
      <Filter>Source Files\Validator-Rules</Filter>
    </None>
    <None Include="Validator_Rules\range_checks_nhands_inline.cpp_">
      <Filter>Source Files\Validator-Rules</Filter>
    </None>
    <None Include="Validator_Rules\range_checks_NOT_TO_DO_inline.cpp_">
      <Filter>Source Files\Validator-Rules</Filter>
    </None>
    <None Include="Validator_Rules\range_checks_number_of_bets_inline.cpp_">
      <Filter>Source Files\Validator-Rules</Filter>
    </None>
    <None Include="Validator_Rules\range_checks_players_friends_opponents_inline.cpp_">
      <Filter>Source Files\Validator-Rules</Filter>
    </None>
    <None Include="Validator_Rules\range_checks_poker_values_inline.cpp_">
      <Filter>Source Files\Validator-Rules</Filter>
    </None>
    <None Include="Validator_Rules\range_checks_probabilities_inline.cpp_">
      <Filter>Source Files\Validator-Rules</Filter>
    </None>
    <None Include="Validator_Rules\range_checks_rank_bits_inline.cpp_">
      <Filter>Source Files\Validator-Rules</Filter>
    </None>
    <None Include="Validator_Rules\range_checks_rank_hi_inline.cpp_">
      <Filter>Source Files\Validator-Rules</Filter>
    </None>
    <None Include="Validator_Rules\range_checks_rank_lo_inline.cpp_">
      <Filter>Source Files\Validator-Rules</Filter>
    </None>
    <None Include="Validator_Rules\range_checks_rounds_positions_inline.cpp_">
      <Filter>Source Files\Validator-Rules</Filter>
    </None>
    <None Include="Validator_Rules\range_checks_table_stats_inline.cpp_">
      <Filter>Source Files\Validator-Rules</Filter>
    </None>
    <None Include="Validator_Rules\range_checks_tablemap_symbols_inline.cpp_">
      <Filter>Source Files\Validator-Rules</Filter>
    </None>
    <None Include="Validator_Rules\range_checks_time_inline.cpp_">
      <Filter>Source Files\Validator-Rules</Filter>
    </None>
    <None Include="Validator_Rules\range_checks_versus_inline.cpp_">
      <Filter>Source Files\Validator-Rules</Filter>
    </None>
    <None Include="Validator_Rules\rule_template.txt">
      <Filter>Source Files\Validator-Rules</Filter>
    </None>
    <None Include="Validator_Rules\Tools\rules2cpp.pl">
      <Filter>Source Files\Validator-Rules\Tools</Filter>
    </None>
    <None Include="Validator_Rules\Tools\verify_symbolnames.pl">
      <Filter>Source Files\Validator-Rules\Tools</Filter>
    </None>
    <None Include="res\bitmap1.bmp">
      <Filter>Resource Files</Filter>
    </None>
    <None Include="res\bitmap_flags.bmp">
      <Filter>Resource Files</Filter>
    </None>
    <None Include="res\idc_marg.ico">
      <Filter>Resource Files</Filter>
    </None>
    <None Include="res\OpenHoldem.ico">
      <Filter>Resource Files</Filter>
    </None>
    <None Include="res\OpenHoldem.rc2">
      <Filter>Resource Files</Filter>
    </None>
    <None Include="res\Toolbar.bmp">
      <Filter>Resource Files</Filter>
    </None>
    <None Include="res\toolbar_formula_list.bmp">
      <Filter>Resource Files</Filter>
    </None>
    <None Include="HeaderCopyrightDocumentation.txt">
      <Filter>Documents</Filter>
    </None>
    <None Include="..\##_OpenHoldem_Release_Directory_##\License_GPLv3.htm">
      <Filter>Documents</Filter>
    </None>
    <None Include="..\##_OpenHoldem_Release_Directory_##\OpenHoldem_Preferences__feel_free_to_rename_this_file_to_whatever_you_like.INI">
      <Filter>Documents</Filter>
    </None>
    <None Include="..\##_OpenHoldem_Release_Directory_##\sources of code.txt">
      <Filter>Documents</Filter>
    </None>
    <None Include="..\##_OpenHoldem_Release_Directory_##\ManualMode Release Notes.txt">
      <Filter>Documents\Release Notes</Filter>
    </None>
    <None Include="..\##_OpenHoldem_Release_Directory_##\OHReplay Release Notes.txt">
      <Filter>Documents\Release Notes</Filter>
    </None>
    <None Include="..\##_OpenHoldem_Release_Directory_##\OpenHoldem Release Notes.txt">
      <Filter>Documents\Release Notes</Filter>
    </None>
    <None Include="..\##_OpenPPL_Release_Directory_##\OpenPPL Release Notes.txt">
      <Filter>Documents\Release Notes</Filter>
    </None>
    <None Include="..\##_OpenHoldem_Release_Directory_##\OpenScrape Release Notes.txt">
      <Filter>Documents\Release Notes</Filter>
    </None>
    <None Include="..\Checklist_Release.txt">
      <Filter>Documents\Checklist for Releases</Filter>
    </None>
    <None Include="..\Checklist_Release_OpenPPL.txt">
      <Filter>Documents\Checklist for Releases</Filter>
    </None>
  </ItemGroup>
  <ItemGroup>
    <ClInclude Include="CFileSystemMonitor.h">
      <Filter>Header Files</Filter>
    </ClInclude>
    <ClInclude Include="CFlagsToolbar.h">
      <Filter>Header Files</Filter>
    </ClInclude>
    <ClInclude Include="CGrammar.h">
      <Filter>Header Files</Filter>
    </ClInclude>
    <ClInclude Include="CHandresetDetector.h">
      <Filter>Header Files</Filter>
    </ClInclude>
    <ClInclude Include="CHeartbeatThread.h">
      <Filter>Header Files</Filter>
    </ClInclude>
    <ClInclude Include="CLazyScraper.h">
      <Filter>Header Files</Filter>
    </ClInclude>
    <ClInclude Include="CLevDistance.h">
      <Filter>Header Files</Filter>
    </ClInclude>
    <ClInclude Include="CMyMutex.h">
      <Filter>Header Files</Filter>
    </ClInclude>
    <ClInclude Include="COcclusionCheck.h">
      <Filter>Header Files</Filter>
    </ClInclude>
    <ClInclude Include="CPopupHandler.h">
      <Filter>Header Files</Filter>
    </ClInclude>
    <ClInclude Include="CPreferences.h">
      <Filter>Header Files</Filter>
    </ClInclude>
    <ClInclude Include="crc32hash.h">
      <Filter>Header Files</Filter>
    </ClInclude>
    <ClInclude Include="CValidator.h">
      <Filter>Header Files</Filter>
    </ClInclude>
    <ClInclude Include="debug.h">
      <Filter>Header Files</Filter>
    </ClInclude>
    <ClInclude Include="MD5_Checksum.h">
      <Filter>Header Files</Filter>
    </ClInclude>
    <ClInclude Include="Median.h">
      <Filter>Header Files</Filter>
    </ClInclude>
    <ClInclude Include="MyCToolBar.h">
      <Filter>Header Files</Filter>
    </ClInclude>
    <ClInclude Include="OH_MessageBox.h">
      <Filter>Header Files</Filter>
    </ClInclude>
    <ClInclude Include="OpenHoldem.h">
      <Filter>Header Files</Filter>
    </ClInclude>
    <ClInclude Include="OpenHoldemDoc.h">
      <Filter>Header Files</Filter>
    </ClInclude>
    <ClInclude Include="Resource.h">
      <Filter>Header Files</Filter>
    </ClInclude>
    <ClInclude Include="Singletons.h">
      <Filter>Header Files</Filter>
    </ClInclude>
    <ClInclude Include="stdafx.h">
      <Filter>Header Files</Filter>
    </ClInclude>
    <ClInclude Include="..\winmgr\SizerBar.h">
      <Filter>Header Files\winmgr</Filter>
    </ClInclude>
    <ClInclude Include="..\winmgr\WinMgr.h">
      <Filter>Header Files\winmgr</Filter>
    </ClInclude>
    <ClInclude Include="..\hscroll-list-box\HScrollListBox.h">
      <Filter>Header Files\hscroll-list-box</Filter>
    </ClInclude>
    <ClInclude Include="..\pokereval\include\combinations.h">
      <Filter>Header Files\pokereval</Filter>
    </ClInclude>
    <ClInclude Include="..\pokereval\include\deck.h">
      <Filter>Header Files\pokereval</Filter>
    </ClInclude>
    <ClInclude Include="..\pokereval\include\deck_std.h">
      <Filter>Header Files\pokereval</Filter>
    </ClInclude>
    <ClInclude Include="..\pokereval\include\deck_undef.h">
      <Filter>Header Files\pokereval</Filter>
    </ClInclude>
    <ClInclude Include="..\pokereval\include\enumdefs.h">
      <Filter>Header Files\pokereval</Filter>
    </ClInclude>
    <ClInclude Include="..\pokereval\include\enumerate.h">
      <Filter>Header Files\pokereval</Filter>
    </ClInclude>
    <ClInclude Include="..\pokereval\include\enumord.h">
      <Filter>Header Files\pokereval</Filter>
    </ClInclude>
    <ClInclude Include="..\pokereval\include\inlines\eval.h">
      <Filter>Header Files\pokereval</Filter>
    </ClInclude>
    <ClInclude Include="..\pokereval\include\inlines\eval_low.h">
      <Filter>Header Files\pokereval</Filter>
    </ClInclude>
    <ClInclude Include="..\pokereval\include\inlines\eval_type.h">
      <Filter>Header Files\pokereval</Filter>
    </ClInclude>
    <ClInclude Include="..\pokereval\include\inlines\evx5.h">
      <Filter>Header Files\pokereval</Filter>
    </ClInclude>
    <ClInclude Include="..\pokereval\include\inlines\evx7.h">
      <Filter>Header Files\pokereval</Filter>
    </ClInclude>
    <ClInclude Include="..\pokereval\include\inlines\evx_action.h">
      <Filter>Header Files\pokereval</Filter>
    </ClInclude>
    <ClInclude Include="..\pokereval\include\evx_defs.h">
      <Filter>Header Files\pokereval</Filter>
    </ClInclude>
    <ClInclude Include="..\pokereval\include\inlines\evx_inlines.h">
      <Filter>Header Files\pokereval</Filter>
    </ClInclude>
    <ClInclude Include="..\pokereval\include\game_std.h">
      <Filter>Header Files\pokereval</Filter>
    </ClInclude>
    <ClInclude Include="..\pokereval\include\handval.h">
      <Filter>Header Files\pokereval</Filter>
    </ClInclude>
    <ClInclude Include="..\pokereval\include\handval_low.h">
      <Filter>Header Files\pokereval</Filter>
    </ClInclude>
    <ClInclude Include="..\pokereval\include\poker_config.h">
      <Filter>Header Files\pokereval</Filter>
    </ClInclude>
    <ClInclude Include="..\pokereval\include\poker_defs.h">
      <Filter>Header Files\pokereval</Filter>
    </ClInclude>
    <ClInclude Include="..\pokereval\include\poker_wrapper.h">
      <Filter>Header Files\pokereval</Filter>
    </ClInclude>
    <ClInclude Include="..\pokereval\include\pokereval_export.h">
      <Filter>Header Files\pokereval</Filter>
    </ClInclude>
    <ClInclude Include="..\pokereval\include\rules_std.h">
      <Filter>Header Files\pokereval</Filter>
    </ClInclude>
    <ClInclude Include="..\pokereval\include\rules_undef.h">
      <Filter>Header Files\pokereval</Filter>
    </ClInclude>
    <ClInclude Include="..\postgres\libpq-fe.h">
      <Filter>Header Files\postgres</Filter>
    </ClInclude>
    <ClInclude Include="..\postgres\postgres_ext.h">
      <Filter>Header Files\postgres</Filter>
    </ClInclude>
    <ClInclude Include="..\CTransform\pdiff\CompareArgs.h">
      <Filter>Header Files\CTransform</Filter>
    </ClInclude>
    <ClInclude Include="..\CTransform\CTransform.h">
      <Filter>Header Files\CTransform</Filter>
    </ClInclude>
    <ClInclude Include="..\CTransform\hash\lookup3.h">
      <Filter>Header Files\CTransform</Filter>
    </ClInclude>
    <ClInclude Include="..\CTransform\pdiff\LPyramid.h">
      <Filter>Header Files\CTransform</Filter>
    </ClInclude>
    <ClInclude Include="..\CTransform\pdiff\Metric.h">
      <Filter>Header Files\CTransform</Filter>
    </ClInclude>
    <ClInclude Include="..\CTransform\pdiff\RGBAImage.h">
      <Filter>Header Files\CTransform</Filter>
    </ClInclude>
    <ClInclude Include="..\CTransform\hash\stdint.h">
      <Filter>Header Files\CTransform</Filter>
    </ClInclude>
    <ClInclude Include="..\StructsDefines\structs_defines.h">
      <Filter>Header Files\StructsDefines</Filter>
    </ClInclude>
    <ClInclude Include="CEngineContainer.h">
      <Filter>Header Files\Symbols</Filter>
    </ClInclude>
    <ClInclude Include="UnknownSymbols.h">
      <Filter>Header Files\Symbols</Filter>
    </ClInclude>
    <ClInclude Include="CSymbolEngineActiveDealtPlaying.h">
      <Filter>Header Files\Symbols\Symbol_Engines</Filter>
    </ClInclude>
    <ClInclude Include="CSymbolEngineAutoplayer.h">
      <Filter>Header Files\Symbols\Symbol_Engines</Filter>
    </ClInclude>
    <ClInclude Include="CSymbolEngineBlinds.h">
      <Filter>Header Files\Symbols\Symbol_Engines</Filter>
    </ClInclude>
    <ClInclude Include="CSymbolEngineCards.h">
      <Filter>Header Files\Symbols\Symbol_Engines</Filter>
    </ClInclude>
    <ClInclude Include="CSymbolEngineChipAmounts.h">
      <Filter>Header Files\Symbols\Symbol_Engines</Filter>
    </ClInclude>
    <ClInclude Include="CSymbolEngineDealerchair.h">
      <Filter>Header Files\Symbols\Symbol_Engines</Filter>
    </ClInclude>
    <ClInclude Include="CSymbolEngineEventLogging.h">
      <Filter>Header Files\Symbols\Symbol_Engines</Filter>
    </ClInclude>
    <ClInclude Include="CSymbolEngineHandrank.h">
      <Filter>Header Files\Symbols\Symbol_Engines</Filter>
    </ClInclude>
    <ClInclude Include="CSymbolEngineHistory.h">
      <Filter>Header Files\Symbols\Symbol_Engines</Filter>
    </ClInclude>
    <ClInclude Include="CSymbolEngineIniFunctions.h">
      <Filter>Header Files\Symbols\Symbol_Engines</Filter>
    </ClInclude>
    <ClInclude Include="CSymbolEngineIsOmaha.h">
      <Filter>Header Files\Symbols\Symbol_Engines</Filter>
    </ClInclude>
    <ClInclude Include="CSymbolEngineIsTournament.h">
      <Filter>Header Files\Symbols\Symbol_Engines</Filter>
    </ClInclude>
    <ClInclude Include="CSymbolEngineMemorySymbols.h">
      <Filter>Header Files\Symbols\Symbol_Engines</Filter>
    </ClInclude>
    <ClInclude Include="CSymbolEngineOpenPPLHandAndBoardExpression.h">
      <Filter>Header Files\Symbols\Symbol_Engines</Filter>
    </ClInclude>
    <ClInclude Include="CSymbolEngineOpenPPLUserVariables.h">
      <Filter>Header Files\Symbols\Symbol_Engines</Filter>
    </ClInclude>
    <ClInclude Include="CSymbolEnginePokerTracker.h">
      <Filter>Header Files\Symbols\Symbol_Engines</Filter>
    </ClInclude>
    <ClInclude Include="CSymbolEnginePokerval.h">
      <Filter>Header Files\Symbols\Symbol_Engines</Filter>
    </ClInclude>
    <ClInclude Include="CSymbolEnginePositions.h">
      <Filter>Header Files\Symbols\Symbol_Engines</Filter>
    </ClInclude>
    <ClInclude Include="CSymbolEnginePrwin.h">
      <Filter>Header Files\Symbols\Symbol_Engines</Filter>
    </ClInclude>
    <ClInclude Include="CSymbolEngineRaisersCallers.h">
      <Filter>Header Files\Symbols\Symbol_Engines</Filter>
    </ClInclude>
    <ClInclude Include="CSymbolEngineRandom.h">
      <Filter>Header Files\Symbols\Symbol_Engines</Filter>
    </ClInclude>
    <ClInclude Include="CSymbolEngineReplayFrameController.h">
      <Filter>Header Files\Symbols\Symbol_Engines</Filter>
    </ClInclude>
    <ClInclude Include="CSymbolEngineTime.h">
      <Filter>Header Files\Symbols\Symbol_Engines</Filter>
    </ClInclude>
    <ClInclude Include="CSymbolengineUserchair.h">
      <Filter>Header Files\Symbols\Symbol_Engines</Filter>
    </ClInclude>
    <ClInclude Include="CSymbolEngineVariousDataLookup.h">
      <Filter>Header Files\Symbols\Symbol_Engines</Filter>
    </ClInclude>
    <ClInclude Include="COpenHoldemTitle.h">
      <Filter>Header Files\GUI</Filter>
    </ClInclude>
    <ClInclude Include="DialogSAPrefs10.h">
      <Filter>Header Files\GUI\prefs_dlg</Filter>
    </ClInclude>
    <ClInclude Include="DialogSAPrefs11.h">
      <Filter>Header Files\GUI\prefs_dlg</Filter>
    </ClInclude>
    <ClInclude Include="DialogSAPrefs12.h">
      <Filter>Header Files\GUI\prefs_dlg</Filter>
    </ClInclude>
    <ClInclude Include="DialogSAPrefs13.h">
      <Filter>Header Files\GUI\prefs_dlg</Filter>
    </ClInclude>
    <ClInclude Include="DialogSAPrefs14.h">
      <Filter>Header Files\GUI\prefs_dlg</Filter>
    </ClInclude>
    <ClInclude Include="DialogSAPrefs15.h">
      <Filter>Header Files\GUI\prefs_dlg</Filter>
    </ClInclude>
    <ClInclude Include="DialogSAPrefs16.h">
      <Filter>Header Files\GUI\prefs_dlg</Filter>
    </ClInclude>
    <ClInclude Include="DialogSAPrefs17.h">
      <Filter>Header Files\GUI\prefs_dlg</Filter>
    </ClInclude>
    <ClInclude Include="DialogSAPrefs19.h">
      <Filter>Header Files\GUI\prefs_dlg</Filter>
    </ClInclude>
    <ClInclude Include="DialogSAPrefs2.h">
      <Filter>Header Files\GUI\prefs_dlg</Filter>
    </ClInclude>
    <ClInclude Include="DialogSAPrefs20.h">
      <Filter>Header Files\GUI\prefs_dlg</Filter>
    </ClInclude>
    <ClInclude Include="DialogSAPrefs21.h">
      <Filter>Header Files\GUI\prefs_dlg</Filter>
    </ClInclude>
    <ClInclude Include="DialogSAPrefs22.h">
      <Filter>Header Files\GUI\prefs_dlg</Filter>
    </ClInclude>
    <ClInclude Include="DialogSAPrefs3.h">
      <Filter>Header Files\GUI\prefs_dlg</Filter>
    </ClInclude>
    <ClInclude Include="DialogSAPrefs4.h">
      <Filter>Header Files\GUI\prefs_dlg</Filter>
    </ClInclude>
    <ClInclude Include="DialogSAPrefs6.h">
      <Filter>Header Files\GUI\prefs_dlg</Filter>
    </ClInclude>
    <ClInclude Include="DialogSAPrefs8.h">
      <Filter>Header Files\GUI\prefs_dlg</Filter>
    </ClInclude>
    <ClInclude Include="DialogSAPrefs9.h">
      <Filter>Header Files\GUI\prefs_dlg</Filter>
    </ClInclude>
    <ClInclude Include="SAPrefsDialog.h">
      <Filter>Header Files\GUI\prefs_dlg</Filter>
    </ClInclude>
    <ClInclude Include="SAPrefsStatic.h">
      <Filter>Header Files\GUI\prefs_dlg</Filter>
    </ClInclude>
    <ClInclude Include="SAPrefsSubDlg.h">
      <Filter>Header Files\GUI\prefs_dlg</Filter>
    </ClInclude>
    <ClInclude Include="CSessionCounter.h">
      <Filter>Header Files\Synchronization</Filter>
    </ClInclude>
    <ClInclude Include="CSharedMem.h">
      <Filter>Header Files\Synchronization</Filter>
    </ClInclude>
    <ClInclude Include="..\CCritSec\CCritSec.h">
      <Filter>Header Files\Synchronization\CCritSec</Filter>
    </ClInclude>
    <ClInclude Include="CPokerTrackerLookUp.h">
      <Filter>Header Files\PokerTracker</Filter>
    </ClInclude>
    <ClInclude Include="CPokerTrackerThread.h">
      <Filter>Header Files\PokerTracker</Filter>
    </ClInclude>
    <ClInclude Include="BringKeyboard.h">
      <Filter>Header Files\AutoPlayer</Filter>
    </ClInclude>
    <ClInclude Include="CAutoplayer.h">
      <Filter>Header Files\AutoPlayer</Filter>
    </ClInclude>
    <ClInclude Include="CAutoplayerFunctions.h">
      <Filter>Header Files\AutoPlayer</Filter>
    </ClInclude>
    <ClInclude Include="CCasinoInterface.h">
      <Filter>Header Files\AutoPlayer</Filter>
    </ClInclude>
    <ClInclude Include="CRebuyManagement.h">
      <Filter>Header Files\AutoPlayer</Filter>
    </ClInclude>
    <ClInclude Include="CStableFramesCounter.h">
      <Filter>Header Files\AutoPlayer</Filter>
    </ClInclude>
    <ClInclude Include="PokerChat.hpp">
      <Filter>Header Files\AutoPlayer</Filter>
    </ClInclude>
    <ClInclude Include="SwagAdjustment.h">
      <Filter>Header Files\AutoPlayer</Filter>
    </ClInclude>
    <ClInclude Include="CAutoConnector.h">
      <Filter>Header Files\AutoConnector</Filter>
    </ClInclude>
    <ClInclude Include="CTableMapLoader.h">
      <Filter>Header Files\AutoConnector</Filter>
    </ClInclude>
    <ClInclude Include="CTablePositioner.h">
      <Filter>Header Files\AutoConnector</Filter>
    </ClInclude>
    <ClInclude Include="CConfigurationCheck.h">
      <Filter>Header Files\Usability</Filter>
    </ClInclude>
    <ClInclude Include="CProblemSolver.h">
      <Filter>Header Files\Usability</Filter>
    </ClInclude>
    <ClInclude Include="CVersionInfo.h">
      <Filter>Header Files\Usability</Filter>
    </ClInclude>
    <ClInclude Include="CIteratorThread.h">
      <Filter>Header Files\PrWin</Filter>
    </ClInclude>
    <ClInclude Include="PrWinHandranges.h">
      <Filter>Header Files\PrWin</Filter>
    </ClInclude>
    <ClInclude Include="CReplayFrame.h">
      <Filter>Header Files\ReplayFrames</Filter>
    </ClInclude>
    <ClInclude Include="Bitmaps.h">
      <Filter>Header Files\Scraper</Filter>
    </ClInclude>
    <ClInclude Include="CScraper.h">
      <Filter>Header Files\Scraper</Filter>
    </ClInclude>
    <ClInclude Include="CScraperPreprocessor.h">
      <Filter>Header Files\Scraper</Filter>
    </ClInclude>
    <ClInclude Include="..\CTablemap\CTablemap.h">
      <Filter>Header Files\CTablemap</Filter>
    </ClInclude>
    <ClInclude Include="..\CTablemap\CTableMapAccess.h">
      <Filter>Header Files\CTablemap</Filter>
    </ClInclude>
    <ClInclude Include="CTablemapCompletenessChecker.h">
      <Filter>Header Files\CTablemap</Filter>
    </ClInclude>
    <ClInclude Include="CardFunctions.h">
      <Filter>Header Files\Various Function Libraries</Filter>
    </ClInclude>
    <ClInclude Include="CFilenames.h">
      <Filter>Header Files\Various Function Libraries</Filter>
    </ClInclude>
    <ClInclude Include="CStringHashtableTemplate.h">
      <Filter>Header Files\Various Function Libraries</Filter>
    </ClInclude>
    <ClInclude Include="CStringMatch.h">
      <Filter>Header Files\Various Function Libraries</Filter>
    </ClInclude>
    <ClInclude Include="FloatingPoint_Comparisions.h">
      <Filter>Header Files\Various Function Libraries</Filter>
    </ClInclude>
    <ClInclude Include="MagicNumbers.h">
      <Filter>Header Files\Various Function Libraries</Filter>
    </ClInclude>
    <ClInclude Include="NumericalFunctions.h">
      <Filter>Header Files\Various Function Libraries</Filter>
    </ClInclude>
    <ClInclude Include="StringFunctions.h">
      <Filter>Header Files\Various Function Libraries</Filter>
    </ClInclude>
    <ClInclude Include="WindowFunctions.h">
      <Filter>Header Files\Various Function Libraries</Filter>
    </ClInclude>
    <ClInclude Include="CFormulaFileSplitter.h">
      <Filter>Header Files\Parser</Filter>
    </ClInclude>
    <ClInclude Include="CFormulaParser.h">
      <Filter>Header Files\Parser</Filter>
    </ClInclude>
    <ClInclude Include="CParseErrors.h">
      <Filter>Header Files\Parser</Filter>
    </ClInclude>
    <ClInclude Include="CParserSymbolTable.h">
      <Filter>Header Files\Parser</Filter>
    </ClInclude>
    <ClInclude Include="CParseTreeNode.h">
      <Filter>Header Files\Parser</Filter>
    </ClInclude>
    <ClInclude Include="CParseTreeRotator.h">
      <Filter>Header Files\Parser</Filter>
    </ClInclude>
    <ClInclude Include="CTokenizer.h">
      <Filter>Header Files\Parser</Filter>
    </ClInclude>
    <ClInclude Include="TokenizerConstants.h">
      <Filter>Header Files\Parser</Filter>
    </ClInclude>
    <ClInclude Include="CAutoplayerTrace.h">
      <Filter>Header Files\Formula</Filter>
    </ClInclude>
    <ClInclude Include="CDebugTab.h">
      <Filter>Header Files\Formula</Filter>
    </ClInclude>
    <ClInclude Include="CFunction.h">
      <Filter>Header Files\Formula</Filter>
    </ClInclude>
    <ClInclude Include="CFunctionCollection.h">
      <Filter>Header Files\Formula</Filter>
    </ClInclude>
    <ClInclude Include="COHScriptList.h">
      <Filter>Header Files\Formula</Filter>
    </ClInclude>
    <ClInclude Include="COHScriptObject.h">
      <Filter>Header Files\Formula</Filter>
    </ClInclude>
    <ClInclude Include="CSymbolengineVersus.h">
      <Filter>Header Files\Symbols\Symbol_Engines</Filter>
    </ClInclude>
    <ClInclude Include="DialogSAPrefs18.h">
      <Filter>Source Files\GUI\Unused_might_be_recycled</Filter>
    </ClInclude>
    <ClInclude Include="CBetroundCalculator.h">
      <Filter>Header Files\Symbols\ToDo</Filter>
    </ClInclude>
    <ClInclude Include="Chair$Symbols.h">
      <Filter>Header Files\Symbols\ToDo</Filter>
    </ClInclude>
    <ClInclude Include="CVirtualSymbolEngine.h">
      <Filter>Header Files\Symbols\Symbol_Engines</Filter>
    </ClInclude>
    <ClInclude Include="CSymbolEnginePokerAction.h">
      <Filter>Header Files\Symbols\Symbol_Engines</Filter>
    </ClInclude>
    <ClInclude Include="Card.h">
      <Filter>Header Files</Filter>
    </ClInclude>
    <ClInclude Include="CTableState.h">
      <Filter>Header Files</Filter>
    </ClInclude>
    <ClInclude Include="CPlayer.h">
      <Filter>Header Files</Filter>
    </ClInclude>
    <ClInclude Include="COpenHoldemStatusbar.h">
      <Filter>Header Files\GUI\Other Dialogs</Filter>
    </ClInclude>
    <ClInclude Include="DialogFormulaScintilla.h">
      <Filter>Header Files\GUI\Other Dialogs</Filter>
    </ClInclude>
    <ClInclude Include="DialogHandList.h">
      <Filter>Header Files\GUI\Other Dialogs</Filter>
    </ClInclude>
    <ClInclude Include="DialogNew.h">
      <Filter>Header Files\GUI\Other Dialogs</Filter>
    </ClInclude>
    <ClInclude Include="DialogRename.h">
      <Filter>Header Files\GUI\Other Dialogs</Filter>
    </ClInclude>
    <ClInclude Include="DialogScraperOutput.h">
      <Filter>Header Files\GUI\Other Dialogs</Filter>
    </ClInclude>
    <ClInclude Include="OpenHoldemView.h">
      <Filter>Header Files\GUI\Other Dialogs</Filter>
    </ClInclude>
    <ClInclude Include="ScintillaWnd.h">
      <Filter>Header Files\GUI\Other Dialogs</Filter>
    </ClInclude>
    <ClInclude Include="VerifyFunctionAndListNames.h">
      <Filter>Header Files\GUI\Other Dialogs</Filter>
    </ClInclude>
    <ClInclude Include="CWhiteInfoBox.h">
      <Filter>Header Files\GUI</Filter>
    </ClInclude>
    <ClInclude Include="DialogSAPrefs7.h">
      <Filter>Source Files\GUI\Unused_might_be_recycled</Filter>
    </ClInclude>
    <ClInclude Include="CSymbolEngineICM.h">
      <Filter>Header Files</Filter>
    </ClInclude>
    <ClInclude Include="CSymbolEngineOpenPPL.h">
      <Filter>Header Files\Symbols\Symbol_Engines</Filter>
    </ClInclude>
    <ClInclude Include="CSymbolengineChairs.h">
      <Filter>Header Files\Symbols\Symbol_Engines</Filter>
    </ClInclude>
    <ClInclude Include="CSelftestParserEvaluator.h">
      <Filter>Header Files</Filter>
    </ClInclude>
    <ClInclude Include="CLimitScraper.h">
      <Filter>Header Files\Scraper</Filter>
    </ClInclude>
    <ClInclude Include="CSymbolengineTableStats.h">
      <Filter>Header Files\Symbols\Symbol_Engines</Filter>
    </ClInclude>
    <ClInclude Include="MemoryLogging.h">
      <Filter>Header Files</Filter>
    </ClInclude>
    <ClInclude Include="CSymbolEngineTableLimits.h">
      <Filter>Header Files\Symbols\Symbol_Engines\Blinds</Filter>
    </ClInclude>
    <ClInclude Include="CBlindLevels.h">
      <Filter>Header Files\Symbols\Symbol_Engines\Blinds</Filter>
    </ClInclude>
    <ClInclude Include="CBlindGuesser.h">
      <Filter>Header Files\Symbols\Symbol_Engines\Blinds</Filter>
    </ClInclude>
    <ClInclude Include="CSymbolEngineGameType.h">
      <Filter>Header Files\Symbols\Symbol_Engines</Filter>
    </ClInclude>
    <ClInclude Include="CDllExtension.h">
      <Filter>Header Files\Programming the Bot\DLL</Filter>
    </ClInclude>
    <ClInclude Include="CGameState.h">
      <Filter>Header Files\Programming the Bot\DLL</Filter>
    </ClInclude>
    <ClInclude Include="CHandHistoryDealPhase.h">
      <Filter>Header Files\HandhistoryGenerator</Filter>
    </ClInclude>
    <ClInclude Include="CHandHistoryUncontested.h">
      <Filter>Header Files\HandhistoryGenerator</Filter>
    </ClInclude>
    <ClInclude Include="CHandHistoryWriter.h">
      <Filter>Header Files\HandhistoryGenerator</Filter>
    </ClInclude>
    <ClInclude Include="CHandHistoryShowdown.h">
      <Filter>Header Files\HandhistoryGenerator</Filter>
    </ClInclude>
    <ClInclude Include="CHandHistoryAction.h">
      <Filter>Header Files\HandhistoryGenerator</Filter>
    </ClInclude>
    <ClInclude Include="CSymbolEngineCasino.h">
      <Filter>Header Files\Symbols\Symbol_Engines</Filter>
    </ClInclude>
    <ClInclude Include="BetpotCalculations.h">
      <Filter>Header Files\AutoPlayer</Filter>
    </ClInclude>
    <ClInclude Include="AllinAdjustment.h">
      <Filter>Header Files\AutoPlayer</Filter>
    </ClInclude>
    <ClInclude Include="CSymbolengineColourCodes.h">
      <Filter>Header Files\Symbols\Symbol_Engines</Filter>
    </ClInclude>
    <ClInclude Include="SLimitInfo.h">
      <Filter>Header Files</Filter>
    </ClInclude>
    <ClInclude Include="CScrapedActionInterface.h">
      <Filter>Header Files</Filter>
    </ClInclude>
    <ClInclude Include="CSymbolengineMTTInfo.h">
      <Filter>Header Files\Symbols\Symbol_Engines</Filter>
    </ClInclude>
    <ClInclude Include="WebSafeColours.h">
      <Filter>Header Files\CTransform</Filter>
    </ClInclude>
  </ItemGroup>
  <ItemGroup>
    <ResourceCompile Include="OpenHoldem.rc">
      <Filter>Resource Files</Filter>
    </ResourceCompile>
  </ItemGroup>
</Project>