
Microsoft Visual Studio Solution File, Format Version 11.00
# Visual Studio 2010
Project("{FAE04EC0-301F-11D3-BF4B-00C04F79EFBC}") = "PPL2OpenPPL_CS", "PPL2OpenPPL_CS\PPL2OpenPPL_CS.csproj", "{4289E494-09B6-4511-8712-5F1E141549C4}"
EndProject
Global
	GlobalSection(SubversionScc) = preSolution
		Svn-Managed = True
		Manager = AnkhSVN - Subversion Support for Visual Studio
	EndGlobalSection
	GlobalSection(SolutionConfigurationPlatforms) = preSolution
		Debug|x86 = Debug|x86
		Release|x86 = Release|x86
	EndGlobalSection
	GlobalSection(ProjectConfigurationPlatforms) = postSolution
		{4289E494-09B6-4511-8712-5F1E141549C4}.Debug|x86.ActiveCfg = Debug|x86
		{4289E494-09B6-4511-8712-5F1E141549C4}.Debug|x86.Build.0 = Debug|x86
		{4289E494-09B6-4511-8712-5F1E141549C4}.Release|x86.ActiveCfg = Release|x86
		{4289E494-09B6-4511-8712-5F1E141549C4}.Release|x86.Build.0 = Release|x86
	EndGlobalSection
	GlobalSection(SolutionProperties) = preSolution
		HideSolutionNode = FALSE
	EndGlobalSection
EndGlobal
