<?xml version="1.0" encoding="utf-8"?>
<Project ToolsVersion="4.0" xmlns="http://schemas.microsoft.com/developer/msbuild/2003">
  <ItemGroup>
    <Filter Include="Source Files">
      <UniqueIdentifier>{7b3f8c02-1797-446c-951c-a8d9f91986ed}</UniqueIdentifier>
      <Extensions>cpp;c;cxx;rc;def;r;odl;idl;hpj;bat</Extensions>
    </Filter>
    <Filter Include="Header Files">
      <UniqueIdentifier>{f48d25e8-d62d-4dd5-9e57-854420eede65}</UniqueIdentifier>
      <Extensions>h;hpp;hxx;hm;inl</Extensions>
    </Filter>
  </ItemGroup>
  <ItemGroup>
    <ClCompile Include="DumperDll.cpp">
      <Filter>Source Files</Filter>
    </ClCompile>
    <ClCompile Include="minIni.cpp">
      <Filter>Source Files</Filter>
    </ClCompile>
  </ItemGroup>
  <ItemGroup>
    <ClInclude Include="DumperDll.h">
      <Filter>Header Files</Filter>
    </ClInclude>
    <ClInclude Include="AllSymbols.h">
      <Filter>Header Files</Filter>
    </ClInclude>
    <ClInclude Include="minIni.h">
      <Filter>Header Files</Filter>
    </ClInclude>
    <ClInclude Include="dirent.h">
      <Filter>Header Files</Filter>
    </ClInclude>
    <ClInclude Include="minGlue.h">
      <Filter>Header Files</Filter>
    </ClInclude>
  </ItemGroup>
</Project>